// !$*UTF8*$!
{
	archiveVersion = 1;
	classes = {
	};
	objectVersion = 54;
	objects = {

/* Begin PBXBuildFile section */
		00E356F31AD99517003FC87E /* lovibearTests.m in Sources */ = {isa = PBXBuildFile; fileRef = 00E356F21AD99517003FC87E /* lovibearTests.m */; };
		0C80B921A6F3F58F76C31292 /* libPods-lovibear.a in Frameworks */ = {isa = PBXBuildFile; fileRef = 5DCACB8F33CDC322A6C60F78 /* libPods-lovibear.a */; };
		13B07FBC1A68108700A75B9A /* AppDelegate.mm in Sources */ = {isa = PBXBuildFile; fileRef = 13B07FB01A68108700A75B9A /* AppDelegate.mm */; };
		13B07FBF1A68108700A75B9A /* Images.xcassets in Resources */ = {isa = PBXBuildFile; fileRef = 13B07FB51A68108700A75B9A /* Images.xcassets */; };
		13B07FC11A68108700A75B9A /* main.m in Sources */ = {isa = PBXBuildFile; fileRef = 13B07FB71A68108700A75B9A /* main.m */; };
		7699B88040F8A987B510C191 /* libPods-lovibear-lovibearTests.a in Frameworks */ = {isa = PBXBuildFile; fileRef = 19F6CBCC0A4E27FBF8BF4A61 /* libPods-lovibear-lovibearTests.a */; };
		81AB9BB82411601600AC10FF /* LaunchScreen.storyboard in Resources */ = {isa = PBXBuildFile; fileRef = 81AB9BB72411601600AC10FF /* LaunchScreen.storyboard */; };
		02748C4848D6407C850BE179 /* Calibri-Bold.ttf in Resources */ = {isa = PBXBuildFile; fileRef = 0BBBBAE3D1584057856C936F /* Calibri-Bold.ttf */; };
		86C6A60D66BF4F8FA1446165 /* Calibri-Italic.ttf in Resources */ = {isa = PBXBuildFile; fileRef = F1D2019D11954DFDBDE9DF16 /* Calibri-Italic.ttf */; };
		473E1FA08C8246608D85291A /* Calibri.ttf in Resources */ = {isa = PBXBuildFile; fileRef = E0BB43A840E445BEA86EFA45 /* Calibri.ttf */; };
		7585B14913784D41B6B5B861 /* KaushanScript-Regular.ttf in Resources */ = {isa = PBXBuildFile; fileRef = E7E5AE3A8F0B4956ADD7181B /* KaushanScript-Regular.ttf */; };
		20CAC1170A2A4AE9BC7490A8 /* Montserrat-Black.ttf in Resources */ = {isa = PBXBuildFile; fileRef = FCAB77AB8BCF4F85A5CF4B1B /* Montserrat-Black.ttf */; };
		37B19376685146A4BE88BBE6 /* Montserrat-BlackItalic.ttf in Resources */ = {isa = PBXBuildFile; fileRef = 8E528A6C3FFB495F9993365D /* Montserrat-BlackItalic.ttf */; };
		1D6FC2308A77443F82742347 /* Montserrat-Bold.ttf in Resources */ = {isa = PBXBuildFile; fileRef = 3E0320DFA00144548B040B4E /* Montserrat-Bold.ttf */; };
		1FB1E1BF45014145B7363434 /* Montserrat-BoldItalic.ttf in Resources */ = {isa = PBXBuildFile; fileRef = 37AC1E37574C4939BE66A0F1 /* Montserrat-BoldItalic.ttf */; };
		B8113FD0BDCC43E295838B85 /* Montserrat-ExtraBold.ttf in Resources */ = {isa = PBXBuildFile; fileRef = 5FDDB8A9B4A14506B850E878 /* Montserrat-ExtraBold.ttf */; };
		F90F352B231F4CDDBEA06B6E /* Montserrat-ExtraBoldItalic.ttf in Resources */ = {isa = PBXBuildFile; fileRef = D3E667ED75044C8F89E911A6 /* Montserrat-ExtraBoldItalic.ttf */; };
		D031888AFEFC47F2AB5A8105 /* Montserrat-ExtraLight.ttf in Resources */ = {isa = PBXBuildFile; fileRef = BB8EB2D6369245E0A6C3F454 /* Montserrat-ExtraLight.ttf */; };
		4565E4893B6F434F908B39F3 /* Montserrat-ExtraLightItalic.ttf in Resources */ = {isa = PBXBuildFile; fileRef = 15265F9FC3E94E49865FCC47 /* Montserrat-ExtraLightItalic.ttf */; };
		0CC7DB376C4A4C798A242EC3 /* Montserrat-Italic.ttf in Resources */ = {isa = PBXBuildFile; fileRef = 9C30966AACEB4CC3863FCA34 /* Montserrat-Italic.ttf */; };
		7BC9E87EF58747AEA6AE249C /* Montserrat-Light.ttf in Resources */ = {isa = PBXBuildFile; fileRef = 63AD5FB6A7DE43C8995739C0 /* Montserrat-Light.ttf */; };
		18B6A9FC40784A94B8EF7CE2 /* Montserrat-LightItalic.ttf in Resources */ = {isa = PBXBuildFile; fileRef = 981C027C70944460BED8CC26 /* Montserrat-LightItalic.ttf */; };
		F37C01624D844ABF96BE3B01 /* Montserrat-Medium.ttf in Resources */ = {isa = PBXBuildFile; fileRef = 6AF95D231294490C94A3F37E /* Montserrat-Medium.ttf */; };
		5B600153DCAA49C0BFA92D39 /* Montserrat-MediumItalic.ttf in Resources */ = {isa = PBXBuildFile; fileRef = CB04AA00A45B45978E5B8534 /* Montserrat-MediumItalic.ttf */; };
		7DEBAD4A85ED47178C95D781 /* Montserrat-Regular.ttf in Resources */ = {isa = PBXBuildFile; fileRef = 427625A7F3914A5A90EC0C24 /* Montserrat-Regular.ttf */; };
		9705F6C678174C8DBF975898 /* Montserrat-SemiBold.ttf in Resources */ = {isa = PBXBuildFile; fileRef = 363670CCC3C247B097ABECE7 /* Montserrat-SemiBold.ttf */; };
		181E675442AD46BEB66CB008 /* Montserrat-SemiBoldItalic.ttf in Resources */ = {isa = PBXBuildFile; fileRef = 777160693AEE47A18B16B0F8 /* Montserrat-SemiBoldItalic.ttf */; };
		F78A5A8BFD844928915E92AB /* Montserrat-Thin.ttf in Resources */ = {isa = PBXBuildFile; fileRef = 590BBA1C5F044FB898059622 /* Montserrat-Thin.ttf */; };
		AE085B08433643A79A8BFA60 /* Montserrat-ThinItalic.ttf in Resources */ = {isa = PBXBuildFile; fileRef = 423EEC59D711453B85C6A0EC /* Montserrat-ThinItalic.ttf */; };
		0300BA3799C940539DF1644B /* Nunito-Black.ttf in Resources */ = {isa = PBXBuildFile; fileRef = 952401A2F9A64DF89DFF4892 /* Nunito-Black.ttf */; };
		4BB90B333E814E569A2B91DD /* Nunito-BlackItalic.ttf in Resources */ = {isa = PBXBuildFile; fileRef = EF309ADE7FF0449485BAA512 /* Nunito-BlackItalic.ttf */; };
		4FFC9E24B9134AF88300EF64 /* Nunito-Bold.ttf in Resources */ = {isa = PBXBuildFile; fileRef = 6F6C2D90FF9F47B4B09F398C /* Nunito-Bold.ttf */; };
		96680338B02846DBB83E1C41 /* Nunito-BoldItalic.ttf in Resources */ = {isa = PBXBuildFile; fileRef = 2530A0F58A4C4D3789B6AE78 /* Nunito-BoldItalic.ttf */; };
		465507C8F82F4500BA64445E /* Nunito-ExtraBold.ttf in Resources */ = {isa = PBXBuildFile; fileRef = 496420865CAC49EC90E0D408 /* Nunito-ExtraBold.ttf */; };
		F7080258838F4B6C9FB71087 /* Nunito-ExtraBoldItalic.ttf in Resources */ = {isa = PBXBuildFile; fileRef = C2A83E6659C94C3A942D80F7 /* Nunito-ExtraBoldItalic.ttf */; };
		0C07E4B04C7A4A3B8D771F36 /* Nunito-ExtraLight.ttf in Resources */ = {isa = PBXBuildFile; fileRef = A485157E244C477FB5A611CE /* Nunito-ExtraLight.ttf */; };
		54A0F0E6D025494D9C298F44 /* Nunito-ExtraLightItalic.ttf in Resources */ = {isa = PBXBuildFile; fileRef = 33357797482241B28B837295 /* Nunito-ExtraLightItalic.ttf */; };
		5077ACE1FC9E4DBBBAA97A4C /* Nunito-Italic.ttf in Resources */ = {isa = PBXBuildFile; fileRef = A789F39436FA45BBB42FA5E4 /* Nunito-Italic.ttf */; };
		741D75BE8C5E4CA2B96CE042 /* Nunito-Light.ttf in Resources */ = {isa = PBXBuildFile; fileRef = 637D540CC58E477E9B284B10 /* Nunito-Light.ttf */; };
		9A093088153643E8947EAC3E /* Nunito-LightItalic.ttf in Resources */ = {isa = PBXBuildFile; fileRef = D0F52B8BA5BB42E498EB5EE6 /* Nunito-LightItalic.ttf */; };
		4A7D3CCF41AB421C953EB51F /* Nunito-Medium.ttf in Resources */ = {isa = PBXBuildFile; fileRef = BF121477270E4C01AB016EBD /* Nunito-Medium.ttf */; };
		EE5C5C7593994410ACAF6BBD /* Nunito-MediumItalic.ttf in Resources */ = {isa = PBXBuildFile; fileRef = 832725076A5546D0B056C712 /* Nunito-MediumItalic.ttf */; };
		23C61940D236479E8F6557DB /* Nunito-Regular.ttf in Resources */ = {isa = PBXBuildFile; fileRef = 3A232AEC8C47464692E1C4E4 /* Nunito-Regular.ttf */; };
		D9C9807CBFE1426984B83E30 /* Nunito-SemiBold.ttf in Resources */ = {isa = PBXBuildFile; fileRef = 9DD2801C1FF84ED9977D569C /* Nunito-SemiBold.ttf */; };
		A5EDB554056D4D80A03EF823 /* Nunito-SemiBoldItalic.ttf in Resources */ = {isa = PBXBuildFile; fileRef = 02411FDE58B04695B4A9BCF2 /* Nunito-SemiBoldItalic.ttf */; };
		13598BDBD5BE4167AE324940 /* OpenSans-Bold.ttf in Resources */ = {isa = PBXBuildFile; fileRef = 37CBECD154074534A6F488E5 /* OpenSans-Bold.ttf */; };
		B2E0DCCFBAC04A66B5E130B7 /* OpenSans-BoldItalic.ttf in Resources */ = {isa = PBXBuildFile; fileRef = D0CA97EFE45F4CC6962E645F /* OpenSans-BoldItalic.ttf */; };
		3EC44714CAD64E2EBD48A32B /* OpenSans-ExtraBold.ttf in Resources */ = {isa = PBXBuildFile; fileRef = 2D1B8CD328FA48B9B61D1F47 /* OpenSans-ExtraBold.ttf */; };
		B76BF1E5A42A47C8833DC695 /* OpenSans-ExtraBoldItalic.ttf in Resources */ = {isa = PBXBuildFile; fileRef = 446A81AC904149A88EF43F93 /* OpenSans-ExtraBoldItalic.ttf */; };
		7E7460FFA0854BA4BBB238ED /* OpenSans-Italic.ttf in Resources */ = {isa = PBXBuildFile; fileRef = DC7527771F794AA8A18FA8C4 /* OpenSans-Italic.ttf */; };
		D24CF170E84A46339F962348 /* OpenSans-Light.ttf in Resources */ = {isa = PBXBuildFile; fileRef = 8103FA81351049DCA43F4519 /* OpenSans-Light.ttf */; };
		D834D125323C439AB06155AB /* OpenSans-LightItalic.ttf in Resources */ = {isa = PBXBuildFile; fileRef = CD891C057C404FE2B70EB786 /* OpenSans-LightItalic.ttf */; };
		DA36C2E5307C4505814111C8 /* OpenSans-Regular.ttf in Resources */ = {isa = PBXBuildFile; fileRef = 67E8128CD4234D4BBE602525 /* OpenSans-Regular.ttf */; };
		33937D0E5C02466BB6DE3DA5 /* OpenSans-Semibold.ttf in Resources */ = {isa = PBXBuildFile; fileRef = F5C60D7805F74EE19CE9B92D /* OpenSans-Semibold.ttf */; };
		5753F83E63204FEFAF1321A3 /* OpenSans-SemiboldItalic.ttf in Resources */ = {isa = PBXBuildFile; fileRef = 3BD1E73FF5754A94B0EF8A7C /* OpenSans-SemiboldItalic.ttf */; };
		3495E3070234482BACFE8C85 /* Proxima-Bold.otf in Resources */ = {isa = PBXBuildFile; fileRef = 0AE9FABB38D84AA9AE923CA5 /* Proxima-Bold.otf */; };
		4C35530E1EF54A9E911CE0A9 /* Proxima-Regular.otf in Resources */ = {isa = PBXBuildFile; fileRef = FC9B3591BFF7465FA0CBDFDC /* Proxima-Regular.otf */; };
		3B95AB681EAE4B8CAF6F1299 /* Proxima-SemiBold.otf in Resources */ = {isa = PBXBuildFile; fileRef = FB9236F7AE034F4FAA8FCB57 /* Proxima-SemiBold.otf */; };
		4E9DECCE9589428C8595135A /* SF-Bold.ttf in Resources */ = {isa = PBXBuildFile; fileRef = 2795D336E76C4672A77B1478 /* SF-Bold.ttf */; };
		1D3732B86E6C4A969D91E7B4 /* SF-Regular.ttf in Resources */ = {isa = PBXBuildFile; fileRef = AD3C1D766A864747933F942E /* SF-Regular.ttf */; };
		5558D9B447AE49DAA3A9E7D7 /* SF-SemiBold.ttf in Resources */ = {isa = PBXBuildFile; fileRef = 6E90B0DC177A481A8BE9E6C9 /* SF-SemiBold.ttf */; };
		CFED5F5DC452404285200A00 /* SignPainter-Regular.ttf in Resources */ = {isa = PBXBuildFile; fileRef = 680ACA6FF1434F8F874BB1FC /* SignPainter-Regular.ttf */; };
		4914702CF0A9450D8DCD4966 /* SignPainter-SemiBold.ttf in Resources */ = {isa = PBXBuildFile; fileRef = 270943C57ACB451BBCC74F89 /* SignPainter-SemiBold.ttf */; };
		5C798EE81AF64FAB9B8CEF42 /* 89d8fba73b6d10c300478fad02d4871d.svg in Resources */ = {isa = PBXBuildFile; fileRef = ABECAAB1921B4634BBAD75D1 /* 89d8fba73b6d10c300478fad02d4871d.svg */; };
		82F96DE8A08B41DB81BC070B /* 6ff35b8857ed1d3bf6a3cc93164ff962.svg in Resources */ = {isa = PBXBuildFile; fileRef = 815B14E124EB4309A6C2B685 /* 6ff35b8857ed1d3bf6a3cc93164ff962.svg */; };
		D21CB9822BB344EE851059A2 /* e47842169b17674250d3f8ed52cf53f8.svg in Resources */ = {isa = PBXBuildFile; fileRef = BB0F24C81A4E4C8EB1E2FC3E /* e47842169b17674250d3f8ed52cf53f8.svg */; };
		6B57991A3AC34C07B028D615 /* 89d8fba73b6d10c300478fad02d4871d.ttf in Resources */ = {isa = PBXBuildFile; fileRef = DBD8FDFB5F234037BAE95F72 /* 89d8fba73b6d10c300478fad02d4871d.ttf */; };
		D3AA7EA4AA064EA0B6070650 /* 89d8fba73b6d10c300478fad02d4871d.woff in Resources */ = {isa = PBXBuildFile; fileRef = B1AF45012C014411AED3C47F /* 89d8fba73b6d10c300478fad02d4871d.woff */; };
		CC2ED4EE40C246DCA4956183 /* 89d8fba73b6d10c300478fad02d4871d.woff2 in Resources */ = {isa = PBXBuildFile; fileRef = 79B4FFF893E34F2B9116FCB1 /* 89d8fba73b6d10c300478fad02d4871d.woff2 */; };
		D1D5CFA130A141218A3575C7 /* 6ff35b8857ed1d3bf6a3cc93164ff962.ttf in Resources */ = {isa = PBXBuildFile; fileRef = 2745970E8D67459A904D34D0 /* 6ff35b8857ed1d3bf6a3cc93164ff962.ttf */; };
		B9D94E245DC14EBC86BAE835 /* 6ff35b8857ed1d3bf6a3cc93164ff962.woff in Resources */ = {isa = PBXBuildFile; fileRef = 7435B043C4834503B4FC7DBB /* 6ff35b8857ed1d3bf6a3cc93164ff962.woff */; };
		E4D300AE71CC47958AFACD04 /* 6ff35b8857ed1d3bf6a3cc93164ff962.woff2 in Resources */ = {isa = PBXBuildFile; fileRef = 49B46ED7123940D08A286A56 /* 6ff35b8857ed1d3bf6a3cc93164ff962.woff2 */; };
		2B6FBA45E2C84D5DAC0A96A3 /* Touche W03 Bold.ttf in Resources */ = {isa = PBXBuildFile; fileRef = 34F537898E374C8DA57C4747 /* Touche W03 Bold.ttf */; };
		4BF642881ECD4E97BF61E3EC /* e47842169b17674250d3f8ed52cf53f8.ttf in Resources */ = {isa = PBXBuildFile; fileRef = 08D7B902717E4BF39D94156A /* e47842169b17674250d3f8ed52cf53f8.ttf */; };
		6C4D771A8A7C43B48CAF7CF8 /* e47842169b17674250d3f8ed52cf53f8.woff in Resources */ = {isa = PBXBuildFile; fileRef = BD54DEC563D04DA0ACE01229 /* e47842169b17674250d3f8ed52cf53f8.woff */; };
		35D978F3DC6A4BF6B0670850 /* e47842169b17674250d3f8ed52cf53f8.woff2 in Resources */ = {isa = PBXBuildFile; fileRef = DC6FFD2D8D704DD3930441BC /* e47842169b17674250d3f8ed52cf53f8.woff2 */; };
		AB1D21A646C84CE89B805FA4 /* Touche W03 Semibold.ttf in Resources */ = {isa = PBXBuildFile; fileRef = 7206073532934CD9A5AC1FB2 /* Touche W03 Semibold.ttf */; };
		6AE9E18055D048568E224DC2 /* SignPainter-Bold.ttf in Resources */ = {isa = PBXBuildFile; fileRef = 998A47301A3344A4B433023D /* SignPainter-Bold.ttf */; };
		7C98A064BB06454BB520BC75 /* Touche-Bold.ttf in Resources */ = {isa = PBXBuildFile; fileRef = A347970D617844879156F6FA /* Touche-Bold.ttf */; };
		835DD8A6C3FB4CF2B4A5EB6A /* Touche-Regular.ttf in Resources */ = {isa = PBXBuildFile; fileRef = B0EEEAFA9D334B39B0E7D52E /* Touche-Regular.ttf */; };
		E0490032543744DDB69A77D1 /* Touche-Semibold.ttf in Resources */ = {isa = PBXBuildFile; fileRef = 18804FB426BB4B508FF5FC14 /* Touche-Semibold.ttf */; };
		98BD2EBCBB7D4D2EB6864D9F /* Baskerville-Old-Face.ttf in Resources */ = {isa = PBXBuildFile; fileRef = 2286BCE79B234A489E201342 /* Baskerville-Old-Face.ttf */; };
/* End PBXBuildFile section */

/* Begin PBXContainerItemProxy section */
		00E356F41AD99517003FC87E /* PBXContainerItemProxy */ = {
			isa = PBXContainerItemProxy;
			containerPortal = 83CBB9F71A601CBA00E9B192 /* Project object */;
			proxyType = 1;
			remoteGlobalIDString = 13B07F861A680F5B00A75B9A;
			remoteInfo = lovibear;
		};
/* End PBXContainerItemProxy section */

/* Begin PBXFileReference section */
		00E356EE1AD99517003FC87E /* lovibearTests.xctest */ = {isa = PBXFileReference; explicitFileType = wrapper.cfbundle; includeInIndex = 0; path = lovibearTests.xctest; sourceTree = BUILT_PRODUCTS_DIR; };
		00E356F11AD99517003FC87E /* Info.plist */ = {isa = PBXFileReference; lastKnownFileType = text.plist.xml; path = Info.plist; sourceTree = "<group>"; };
		00E356F21AD99517003FC87E /* lovibearTests.m */ = {isa = PBXFileReference; lastKnownFileType = sourcecode.c.objc; path = lovibearTests.m; sourceTree = "<group>"; };
		13B07F961A680F5B00A75B9A /* lovibear.app */ = {isa = PBXFileReference; explicitFileType = wrapper.application; includeInIndex = 0; path = lovibear.app; sourceTree = BUILT_PRODUCTS_DIR; };
		13B07FAF1A68108700A75B9A /* AppDelegate.h */ = {isa = PBXFileReference; fileEncoding = 4; lastKnownFileType = sourcecode.c.h; name = AppDelegate.h; path = lovibear/AppDelegate.h; sourceTree = "<group>"; };
		13B07FB01A68108700A75B9A /* AppDelegate.mm */ = {isa = PBXFileReference; fileEncoding = 4; lastKnownFileType = sourcecode.cpp.objcpp; name = AppDelegate.mm; path = lovibear/AppDelegate.mm; sourceTree = "<group>"; };
		13B07FB51A68108700A75B9A /* Images.xcassets */ = {isa = PBXFileReference; lastKnownFileType = folder.assetcatalog; name = Images.xcassets; path = lovibear/Images.xcassets; sourceTree = "<group>"; };
		13B07FB61A68108700A75B9A /* Info.plist */ = {isa = PBXFileReference; fileEncoding = 4; lastKnownFileType = text.plist.xml; name = Info.plist; path = lovibear/Info.plist; sourceTree = "<group>"; };
		13B07FB71A68108700A75B9A /* main.m */ = {isa = PBXFileReference; fileEncoding = 4; lastKnownFileType = sourcecode.c.objc; name = main.m; path = lovibear/main.m; sourceTree = "<group>"; };
		19F6CBCC0A4E27FBF8BF4A61 /* libPods-lovibear-lovibearTests.a */ = {isa = PBXFileReference; explicitFileType = archive.ar; includeInIndex = 0; path = "libPods-lovibear-lovibearTests.a"; sourceTree = BUILT_PRODUCTS_DIR; };
		3B4392A12AC88292D35C810B /* Pods-lovibear.debug.xcconfig */ = {isa = PBXFileReference; includeInIndex = 1; lastKnownFileType = text.xcconfig; name = "Pods-lovibear.debug.xcconfig"; path = "Target Support Files/Pods-lovibear/Pods-lovibear.debug.xcconfig"; sourceTree = "<group>"; };
		5709B34CF0A7D63546082F79 /* Pods-lovibear.release.xcconfig */ = {isa = PBXFileReference; includeInIndex = 1; lastKnownFileType = text.xcconfig; name = "Pods-lovibear.release.xcconfig"; path = "Target Support Files/Pods-lovibear/Pods-lovibear.release.xcconfig"; sourceTree = "<group>"; };
		5B7EB9410499542E8C5724F5 /* Pods-lovibear-lovibearTests.debug.xcconfig */ = {isa = PBXFileReference; includeInIndex = 1; lastKnownFileType = text.xcconfig; name = "Pods-lovibear-lovibearTests.debug.xcconfig"; path = "Target Support Files/Pods-lovibear-lovibearTests/Pods-lovibear-lovibearTests.debug.xcconfig"; sourceTree = "<group>"; };
		5DCACB8F33CDC322A6C60F78 /* libPods-lovibear.a */ = {isa = PBXFileReference; explicitFileType = archive.ar; includeInIndex = 0; path = "libPods-lovibear.a"; sourceTree = BUILT_PRODUCTS_DIR; };
		81AB9BB72411601600AC10FF /* LaunchScreen.storyboard */ = {isa = PBXFileReference; fileEncoding = 4; lastKnownFileType = file.storyboard; name = LaunchScreen.storyboard; path = lovibear/LaunchScreen.storyboard; sourceTree = "<group>"; };
		89C6BE57DB24E9ADA2F236DE /* Pods-lovibear-lovibearTests.release.xcconfig */ = {isa = PBXFileReference; includeInIndex = 1; lastKnownFileType = text.xcconfig; name = "Pods-lovibear-lovibearTests.release.xcconfig"; path = "Target Support Files/Pods-lovibear-lovibearTests/Pods-lovibear-lovibearTests.release.xcconfig"; sourceTree = "<group>"; };
		ED297162215061F000B7C4FE /* JavaScriptCore.framework */ = {isa = PBXFileReference; lastKnownFileType = wrapper.framework; name = JavaScriptCore.framework; path = System/Library/Frameworks/JavaScriptCore.framework; sourceTree = SDKROOT; };
		0BBBBAE3D1584057856C936F /* Calibri-Bold.ttf */ = {isa = PBXFileReference; name = "Calibri-Bold.ttf"; path = "../src/assets/fonts/Calibri-Bold.ttf"; sourceTree = "<group>"; fileEncoding = undefined; lastKnownFileType = unknown; explicitFileType = undefined; includeInIndex = 0; };
		F1D2019D11954DFDBDE9DF16 /* Calibri-Italic.ttf */ = {isa = PBXFileReference; name = "Calibri-Italic.ttf"; path = "../src/assets/fonts/Calibri-Italic.ttf"; sourceTree = "<group>"; fileEncoding = undefined; lastKnownFileType = unknown; explicitFileType = undefined; includeInIndex = 0; };
		E0BB43A840E445BEA86EFA45 /* Calibri.ttf */ = {isa = PBXFileReference; name = "Calibri.ttf"; path = "../src/assets/fonts/Calibri.ttf"; sourceTree = "<group>"; fileEncoding = undefined; lastKnownFileType = unknown; explicitFileType = undefined; includeInIndex = 0; };
		E7E5AE3A8F0B4956ADD7181B /* KaushanScript-Regular.ttf */ = {isa = PBXFileReference; name = "KaushanScript-Regular.ttf"; path = "../src/assets/fonts/KaushanScript-Regular.ttf"; sourceTree = "<group>"; fileEncoding = undefined; lastKnownFileType = unknown; explicitFileType = undefined; includeInIndex = 0; };
		FCAB77AB8BCF4F85A5CF4B1B /* Montserrat-Black.ttf */ = {isa = PBXFileReference; name = "Montserrat-Black.ttf"; path = "../src/assets/fonts/Montserrat-Black.ttf"; sourceTree = "<group>"; fileEncoding = undefined; lastKnownFileType = unknown; explicitFileType = undefined; includeInIndex = 0; };
		8E528A6C3FFB495F9993365D /* Montserrat-BlackItalic.ttf */ = {isa = PBXFileReference; name = "Montserrat-BlackItalic.ttf"; path = "../src/assets/fonts/Montserrat-BlackItalic.ttf"; sourceTree = "<group>"; fileEncoding = undefined; lastKnownFileType = unknown; explicitFileType = undefined; includeInIndex = 0; };
		3E0320DFA00144548B040B4E /* Montserrat-Bold.ttf */ = {isa = PBXFileReference; name = "Montserrat-Bold.ttf"; path = "../src/assets/fonts/Montserrat-Bold.ttf"; sourceTree = "<group>"; fileEncoding = undefined; lastKnownFileType = unknown; explicitFileType = undefined; includeInIndex = 0; };
		37AC1E37574C4939BE66A0F1 /* Montserrat-BoldItalic.ttf */ = {isa = PBXFileReference; name = "Montserrat-BoldItalic.ttf"; path = "../src/assets/fonts/Montserrat-BoldItalic.ttf"; sourceTree = "<group>"; fileEncoding = undefined; lastKnownFileType = unknown; explicitFileType = undefined; includeInIndex = 0; };
		5FDDB8A9B4A14506B850E878 /* Montserrat-ExtraBold.ttf */ = {isa = PBXFileReference; name = "Montserrat-ExtraBold.ttf"; path = "../src/assets/fonts/Montserrat-ExtraBold.ttf"; sourceTree = "<group>"; fileEncoding = undefined; lastKnownFileType = unknown; explicitFileType = undefined; includeInIndex = 0; };
		D3E667ED75044C8F89E911A6 /* Montserrat-ExtraBoldItalic.ttf */ = {isa = PBXFileReference; name = "Montserrat-ExtraBoldItalic.ttf"; path = "../src/assets/fonts/Montserrat-ExtraBoldItalic.ttf"; sourceTree = "<group>"; fileEncoding = undefined; lastKnownFileType = unknown; explicitFileType = undefined; includeInIndex = 0; };
		BB8EB2D6369245E0A6C3F454 /* Montserrat-ExtraLight.ttf */ = {isa = PBXFileReference; name = "Montserrat-ExtraLight.ttf"; path = "../src/assets/fonts/Montserrat-ExtraLight.ttf"; sourceTree = "<group>"; fileEncoding = undefined; lastKnownFileType = unknown; explicitFileType = undefined; includeInIndex = 0; };
		15265F9FC3E94E49865FCC47 /* Montserrat-ExtraLightItalic.ttf */ = {isa = PBXFileReference; name = "Montserrat-ExtraLightItalic.ttf"; path = "../src/assets/fonts/Montserrat-ExtraLightItalic.ttf"; sourceTree = "<group>"; fileEncoding = undefined; lastKnownFileType = unknown; explicitFileType = undefined; includeInIndex = 0; };
		9C30966AACEB4CC3863FCA34 /* Montserrat-Italic.ttf */ = {isa = PBXFileReference; name = "Montserrat-Italic.ttf"; path = "../src/assets/fonts/Montserrat-Italic.ttf"; sourceTree = "<group>"; fileEncoding = undefined; lastKnownFileType = unknown; explicitFileType = undefined; includeInIndex = 0; };
		63AD5FB6A7DE43C8995739C0 /* Montserrat-Light.ttf */ = {isa = PBXFileReference; name = "Montserrat-Light.ttf"; path = "../src/assets/fonts/Montserrat-Light.ttf"; sourceTree = "<group>"; fileEncoding = undefined; lastKnownFileType = unknown; explicitFileType = undefined; includeInIndex = 0; };
		981C027C70944460BED8CC26 /* Montserrat-LightItalic.ttf */ = {isa = PBXFileReference; name = "Montserrat-LightItalic.ttf"; path = "../src/assets/fonts/Montserrat-LightItalic.ttf"; sourceTree = "<group>"; fileEncoding = undefined; lastKnownFileType = unknown; explicitFileType = undefined; includeInIndex = 0; };
		6AF95D231294490C94A3F37E /* Montserrat-Medium.ttf */ = {isa = PBXFileReference; name = "Montserrat-Medium.ttf"; path = "../src/assets/fonts/Montserrat-Medium.ttf"; sourceTree = "<group>"; fileEncoding = undefined; lastKnownFileType = unknown; explicitFileType = undefined; includeInIndex = 0; };
		CB04AA00A45B45978E5B8534 /* Montserrat-MediumItalic.ttf */ = {isa = PBXFileReference; name = "Montserrat-MediumItalic.ttf"; path = "../src/assets/fonts/Montserrat-MediumItalic.ttf"; sourceTree = "<group>"; fileEncoding = undefined; lastKnownFileType = unknown; explicitFileType = undefined; includeInIndex = 0; };
		427625A7F3914A5A90EC0C24 /* Montserrat-Regular.ttf */ = {isa = PBXFileReference; name = "Montserrat-Regular.ttf"; path = "../src/assets/fonts/Montserrat-Regular.ttf"; sourceTree = "<group>"; fileEncoding = undefined; lastKnownFileType = unknown; explicitFileType = undefined; includeInIndex = 0; };
		363670CCC3C247B097ABECE7 /* Montserrat-SemiBold.ttf */ = {isa = PBXFileReference; name = "Montserrat-SemiBold.ttf"; path = "../src/assets/fonts/Montserrat-SemiBold.ttf"; sourceTree = "<group>"; fileEncoding = undefined; lastKnownFileType = unknown; explicitFileType = undefined; includeInIndex = 0; };
		777160693AEE47A18B16B0F8 /* Montserrat-SemiBoldItalic.ttf */ = {isa = PBXFileReference; name = "Montserrat-SemiBoldItalic.ttf"; path = "../src/assets/fonts/Montserrat-SemiBoldItalic.ttf"; sourceTree = "<group>"; fileEncoding = undefined; lastKnownFileType = unknown; explicitFileType = undefined; includeInIndex = 0; };
		590BBA1C5F044FB898059622 /* Montserrat-Thin.ttf */ = {isa = PBXFileReference; name = "Montserrat-Thin.ttf"; path = "../src/assets/fonts/Montserrat-Thin.ttf"; sourceTree = "<group>"; fileEncoding = undefined; lastKnownFileType = unknown; explicitFileType = undefined; includeInIndex = 0; };
		423EEC59D711453B85C6A0EC /* Montserrat-ThinItalic.ttf */ = {isa = PBXFileReference; name = "Montserrat-ThinItalic.ttf"; path = "../src/assets/fonts/Montserrat-ThinItalic.ttf"; sourceTree = "<group>"; fileEncoding = undefined; lastKnownFileType = unknown; explicitFileType = undefined; includeInIndex = 0; };
		952401A2F9A64DF89DFF4892 /* Nunito-Black.ttf */ = {isa = PBXFileReference; name = "Nunito-Black.ttf"; path = "../src/assets/fonts/Nunito-Black.ttf"; sourceTree = "<group>"; fileEncoding = undefined; lastKnownFileType = unknown; explicitFileType = undefined; includeInIndex = 0; };
		EF309ADE7FF0449485BAA512 /* Nunito-BlackItalic.ttf */ = {isa = PBXFileReference; name = "Nunito-BlackItalic.ttf"; path = "../src/assets/fonts/Nunito-BlackItalic.ttf"; sourceTree = "<group>"; fileEncoding = undefined; lastKnownFileType = unknown; explicitFileType = undefined; includeInIndex = 0; };
		6F6C2D90FF9F47B4B09F398C /* Nunito-Bold.ttf */ = {isa = PBXFileReference; name = "Nunito-Bold.ttf"; path = "../src/assets/fonts/Nunito-Bold.ttf"; sourceTree = "<group>"; fileEncoding = undefined; lastKnownFileType = unknown; explicitFileType = undefined; includeInIndex = 0; };
		2530A0F58A4C4D3789B6AE78 /* Nunito-BoldItalic.ttf */ = {isa = PBXFileReference; name = "Nunito-BoldItalic.ttf"; path = "../src/assets/fonts/Nunito-BoldItalic.ttf"; sourceTree = "<group>"; fileEncoding = undefined; lastKnownFileType = unknown; explicitFileType = undefined; includeInIndex = 0; };
		496420865CAC49EC90E0D408 /* Nunito-ExtraBold.ttf */ = {isa = PBXFileReference; name = "Nunito-ExtraBold.ttf"; path = "../src/assets/fonts/Nunito-ExtraBold.ttf"; sourceTree = "<group>"; fileEncoding = undefined; lastKnownFileType = unknown; explicitFileType = undefined; includeInIndex = 0; };
		C2A83E6659C94C3A942D80F7 /* Nunito-ExtraBoldItalic.ttf */ = {isa = PBXFileReference; name = "Nunito-ExtraBoldItalic.ttf"; path = "../src/assets/fonts/Nunito-ExtraBoldItalic.ttf"; sourceTree = "<group>"; fileEncoding = undefined; lastKnownFileType = unknown; explicitFileType = undefined; includeInIndex = 0; };
		A485157E244C477FB5A611CE /* Nunito-ExtraLight.ttf */ = {isa = PBXFileReference; name = "Nunito-ExtraLight.ttf"; path = "../src/assets/fonts/Nunito-ExtraLight.ttf"; sourceTree = "<group>"; fileEncoding = undefined; lastKnownFileType = unknown; explicitFileType = undefined; includeInIndex = 0; };
		33357797482241B28B837295 /* Nunito-ExtraLightItalic.ttf */ = {isa = PBXFileReference; name = "Nunito-ExtraLightItalic.ttf"; path = "../src/assets/fonts/Nunito-ExtraLightItalic.ttf"; sourceTree = "<group>"; fileEncoding = undefined; lastKnownFileType = unknown; explicitFileType = undefined; includeInIndex = 0; };
		A789F39436FA45BBB42FA5E4 /* Nunito-Italic.ttf */ = {isa = PBXFileReference; name = "Nunito-Italic.ttf"; path = "../src/assets/fonts/Nunito-Italic.ttf"; sourceTree = "<group>"; fileEncoding = undefined; lastKnownFileType = unknown; explicitFileType = undefined; includeInIndex = 0; };
		637D540CC58E477E9B284B10 /* Nunito-Light.ttf */ = {isa = PBXFileReference; name = "Nunito-Light.ttf"; path = "../src/assets/fonts/Nunito-Light.ttf"; sourceTree = "<group>"; fileEncoding = undefined; lastKnownFileType = unknown; explicitFileType = undefined; includeInIndex = 0; };
		D0F52B8BA5BB42E498EB5EE6 /* Nunito-LightItalic.ttf */ = {isa = PBXFileReference; name = "Nunito-LightItalic.ttf"; path = "../src/assets/fonts/Nunito-LightItalic.ttf"; sourceTree = "<group>"; fileEncoding = undefined; lastKnownFileType = unknown; explicitFileType = undefined; includeInIndex = 0; };
		BF121477270E4C01AB016EBD /* Nunito-Medium.ttf */ = {isa = PBXFileReference; name = "Nunito-Medium.ttf"; path = "../src/assets/fonts/Nunito-Medium.ttf"; sourceTree = "<group>"; fileEncoding = undefined; lastKnownFileType = unknown; explicitFileType = undefined; includeInIndex = 0; };
		832725076A5546D0B056C712 /* Nunito-MediumItalic.ttf */ = {isa = PBXFileReference; name = "Nunito-MediumItalic.ttf"; path = "../src/assets/fonts/Nunito-MediumItalic.ttf"; sourceTree = "<group>"; fileEncoding = undefined; lastKnownFileType = unknown; explicitFileType = undefined; includeInIndex = 0; };
		3A232AEC8C47464692E1C4E4 /* Nunito-Regular.ttf */ = {isa = PBXFileReference; name = "Nunito-Regular.ttf"; path = "../src/assets/fonts/Nunito-Regular.ttf"; sourceTree = "<group>"; fileEncoding = undefined; lastKnownFileType = unknown; explicitFileType = undefined; includeInIndex = 0; };
		9DD2801C1FF84ED9977D569C /* Nunito-SemiBold.ttf */ = {isa = PBXFileReference; name = "Nunito-SemiBold.ttf"; path = "../src/assets/fonts/Nunito-SemiBold.ttf"; sourceTree = "<group>"; fileEncoding = undefined; lastKnownFileType = unknown; explicitFileType = undefined; includeInIndex = 0; };
		02411FDE58B04695B4A9BCF2 /* Nunito-SemiBoldItalic.ttf */ = {isa = PBXFileReference; name = "Nunito-SemiBoldItalic.ttf"; path = "../src/assets/fonts/Nunito-SemiBoldItalic.ttf"; sourceTree = "<group>"; fileEncoding = undefined; lastKnownFileType = unknown; explicitFileType = undefined; includeInIndex = 0; };
		37CBECD154074534A6F488E5 /* OpenSans-Bold.ttf */ = {isa = PBXFileReference; name = "OpenSans-Bold.ttf"; path = "../src/assets/fonts/OpenSans-Bold.ttf"; sourceTree = "<group>"; fileEncoding = undefined; lastKnownFileType = unknown; explicitFileType = undefined; includeInIndex = 0; };
		D0CA97EFE45F4CC6962E645F /* OpenSans-BoldItalic.ttf */ = {isa = PBXFileReference; name = "OpenSans-BoldItalic.ttf"; path = "../src/assets/fonts/OpenSans-BoldItalic.ttf"; sourceTree = "<group>"; fileEncoding = undefined; lastKnownFileType = unknown; explicitFileType = undefined; includeInIndex = 0; };
		2D1B8CD328FA48B9B61D1F47 /* OpenSans-ExtraBold.ttf */ = {isa = PBXFileReference; name = "OpenSans-ExtraBold.ttf"; path = "../src/assets/fonts/OpenSans-ExtraBold.ttf"; sourceTree = "<group>"; fileEncoding = undefined; lastKnownFileType = unknown; explicitFileType = undefined; includeInIndex = 0; };
		446A81AC904149A88EF43F93 /* OpenSans-ExtraBoldItalic.ttf */ = {isa = PBXFileReference; name = "OpenSans-ExtraBoldItalic.ttf"; path = "../src/assets/fonts/OpenSans-ExtraBoldItalic.ttf"; sourceTree = "<group>"; fileEncoding = undefined; lastKnownFileType = unknown; explicitFileType = undefined; includeInIndex = 0; };
		DC7527771F794AA8A18FA8C4 /* OpenSans-Italic.ttf */ = {isa = PBXFileReference; name = "OpenSans-Italic.ttf"; path = "../src/assets/fonts/OpenSans-Italic.ttf"; sourceTree = "<group>"; fileEncoding = undefined; lastKnownFileType = unknown; explicitFileType = undefined; includeInIndex = 0; };
		8103FA81351049DCA43F4519 /* OpenSans-Light.ttf */ = {isa = PBXFileReference; name = "OpenSans-Light.ttf"; path = "../src/assets/fonts/OpenSans-Light.ttf"; sourceTree = "<group>"; fileEncoding = undefined; lastKnownFileType = unknown; explicitFileType = undefined; includeInIndex = 0; };
		CD891C057C404FE2B70EB786 /* OpenSans-LightItalic.ttf */ = {isa = PBXFileReference; name = "OpenSans-LightItalic.ttf"; path = "../src/assets/fonts/OpenSans-LightItalic.ttf"; sourceTree = "<group>"; fileEncoding = undefined; lastKnownFileType = unknown; explicitFileType = undefined; includeInIndex = 0; };
		67E8128CD4234D4BBE602525 /* OpenSans-Regular.ttf */ = {isa = PBXFileReference; name = "OpenSans-Regular.ttf"; path = "../src/assets/fonts/OpenSans-Regular.ttf"; sourceTree = "<group>"; fileEncoding = undefined; lastKnownFileType = unknown; explicitFileType = undefined; includeInIndex = 0; };
		F5C60D7805F74EE19CE9B92D /* OpenSans-Semibold.ttf */ = {isa = PBXFileReference; name = "OpenSans-Semibold.ttf"; path = "../src/assets/fonts/OpenSans-Semibold.ttf"; sourceTree = "<group>"; fileEncoding = undefined; lastKnownFileType = unknown; explicitFileType = undefined; includeInIndex = 0; };
		3BD1E73FF5754A94B0EF8A7C /* OpenSans-SemiboldItalic.ttf */ = {isa = PBXFileReference; name = "OpenSans-SemiboldItalic.ttf"; path = "../src/assets/fonts/OpenSans-SemiboldItalic.ttf"; sourceTree = "<group>"; fileEncoding = undefined; lastKnownFileType = unknown; explicitFileType = undefined; includeInIndex = 0; };
		0AE9FABB38D84AA9AE923CA5 /* Proxima-Bold.otf */ = {isa = PBXFileReference; name = "Proxima-Bold.otf"; path = "../src/assets/fonts/Proxima-Bold.otf"; sourceTree = "<group>"; fileEncoding = undefined; lastKnownFileType = unknown; explicitFileType = undefined; includeInIndex = 0; };
		FC9B3591BFF7465FA0CBDFDC /* Proxima-Regular.otf */ = {isa = PBXFileReference; name = "Proxima-Regular.otf"; path = "../src/assets/fonts/Proxima-Regular.otf"; sourceTree = "<group>"; fileEncoding = undefined; lastKnownFileType = unknown; explicitFileType = undefined; includeInIndex = 0; };
		FB9236F7AE034F4FAA8FCB57 /* Proxima-SemiBold.otf */ = {isa = PBXFileReference; name = "Proxima-SemiBold.otf"; path = "../src/assets/fonts/Proxima-SemiBold.otf"; sourceTree = "<group>"; fileEncoding = undefined; lastKnownFileType = unknown; explicitFileType = undefined; includeInIndex = 0; };
		2795D336E76C4672A77B1478 /* SF-Bold.ttf */ = {isa = PBXFileReference; name = "SF-Bold.ttf"; path = "../src/assets/fonts/SF-Bold.ttf"; sourceTree = "<group>"; fileEncoding = undefined; lastKnownFileType = unknown; explicitFileType = undefined; includeInIndex = 0; };
		AD3C1D766A864747933F942E /* SF-Regular.ttf */ = {isa = PBXFileReference; name = "SF-Regular.ttf"; path = "../src/assets/fonts/SF-Regular.ttf"; sourceTree = "<group>"; fileEncoding = undefined; lastKnownFileType = unknown; explicitFileType = undefined; includeInIndex = 0; };
		6E90B0DC177A481A8BE9E6C9 /* SF-SemiBold.ttf */ = {isa = PBXFileReference; name = "SF-SemiBold.ttf"; path = "../src/assets/fonts/SF-SemiBold.ttf"; sourceTree = "<group>"; fileEncoding = undefined; lastKnownFileType = unknown; explicitFileType = undefined; includeInIndex = 0; };
		680ACA6FF1434F8F874BB1FC /* SignPainter-Regular.ttf */ = {isa = PBXFileReference; name = "SignPainter-Regular.ttf"; path = "../src/assets/fonts/SignPainter-Regular.ttf"; sourceTree = "<group>"; fileEncoding = undefined; lastKnownFileType = unknown; explicitFileType = undefined; includeInIndex = 0; };
		270943C57ACB451BBCC74F89 /* SignPainter-SemiBold.ttf */ = {isa = PBXFileReference; name = "SignPainter-SemiBold.ttf"; path = "../src/assets/fonts/SignPainter-SemiBold.ttf"; sourceTree = "<group>"; fileEncoding = undefined; lastKnownFileType = unknown; explicitFileType = undefined; includeInIndex = 0; };
		ABECAAB1921B4634BBAD75D1 /* 89d8fba73b6d10c300478fad02d4871d.svg */ = {isa = PBXFileReference; name = "89d8fba73b6d10c300478fad02d4871d.svg"; path = "../src/assets/fonts/OnlineWebFonts_COM_28c1aeefb10a045f8339bf7b79b5afe3/Touche W03 Regular/@font-face/89d8fba73b6d10c300478fad02d4871d.svg"; sourceTree = "<group>"; fileEncoding = undefined; lastKnownFileType = unknown; explicitFileType = undefined; includeInIndex = 0; };
		815B14E124EB4309A6C2B685 /* 6ff35b8857ed1d3bf6a3cc93164ff962.svg */ = {isa = PBXFileReference; name = "6ff35b8857ed1d3bf6a3cc93164ff962.svg"; path = "../src/assets/fonts/OnlineWebFonts_COM_28c1aeefb10a045f8339bf7b79b5afe3/Touche W03 Regular/OnlineWebFonts_COM_3e0f49ec544b5c053b6199990504f893/Touche W03 Bold/@font-face/6ff35b8857ed1d3bf6a3cc93164ff962.svg"; sourceTree = "<group>"; fileEncoding = undefined; lastKnownFileType = unknown; explicitFileType = undefined; includeInIndex = 0; };
		BB0F24C81A4E4C8EB1E2FC3E /* e47842169b17674250d3f8ed52cf53f8.svg */ = {isa = PBXFileReference; name = "e47842169b17674250d3f8ed52cf53f8.svg"; path = "../src/assets/fonts/OnlineWebFonts_COM_28c1aeefb10a045f8339bf7b79b5afe3/Touche W03 Regular/OnlineWebFonts_COM_8874c4da9ec86e84a1658cd1719df95b/Touche W03 Semibold/@font-face/e47842169b17674250d3f8ed52cf53f8.svg"; sourceTree = "<group>"; fileEncoding = undefined; lastKnownFileType = unknown; explicitFileType = undefined; includeInIndex = 0; };
		DBD8FDFB5F234037BAE95F72 /* 89d8fba73b6d10c300478fad02d4871d.ttf */ = {isa = PBXFileReference; name = "89d8fba73b6d10c300478fad02d4871d.ttf"; path = "../src/assets/fonts/OnlineWebFonts_COM_28c1aeefb10a045f8339bf7b79b5afe3/Touche W03 Regular/@font-face/89d8fba73b6d10c300478fad02d4871d.ttf"; sourceTree = "<group>"; fileEncoding = undefined; lastKnownFileType = unknown; explicitFileType = undefined; includeInIndex = 0; };
		B1AF45012C014411AED3C47F /* 89d8fba73b6d10c300478fad02d4871d.woff */ = {isa = PBXFileReference; name = "89d8fba73b6d10c300478fad02d4871d.woff"; path = "../src/assets/fonts/OnlineWebFonts_COM_28c1aeefb10a045f8339bf7b79b5afe3/Touche W03 Regular/@font-face/89d8fba73b6d10c300478fad02d4871d.woff"; sourceTree = "<group>"; fileEncoding = undefined; lastKnownFileType = unknown; explicitFileType = undefined; includeInIndex = 0; };
		79B4FFF893E34F2B9116FCB1 /* 89d8fba73b6d10c300478fad02d4871d.woff2 */ = {isa = PBXFileReference; name = "89d8fba73b6d10c300478fad02d4871d.woff2"; path = "../src/assets/fonts/OnlineWebFonts_COM_28c1aeefb10a045f8339bf7b79b5afe3/Touche W03 Regular/@font-face/89d8fba73b6d10c300478fad02d4871d.woff2"; sourceTree = "<group>"; fileEncoding = undefined; lastKnownFileType = unknown; explicitFileType = undefined; includeInIndex = 0; };
		2745970E8D67459A904D34D0 /* 6ff35b8857ed1d3bf6a3cc93164ff962.ttf */ = {isa = PBXFileReference; name = "6ff35b8857ed1d3bf6a3cc93164ff962.ttf"; path = "../src/assets/fonts/OnlineWebFonts_COM_28c1aeefb10a045f8339bf7b79b5afe3/Touche W03 Regular/OnlineWebFonts_COM_3e0f49ec544b5c053b6199990504f893/Touche W03 Bold/@font-face/6ff35b8857ed1d3bf6a3cc93164ff962.ttf"; sourceTree = "<group>"; fileEncoding = undefined; lastKnownFileType = unknown; explicitFileType = undefined; includeInIndex = 0; };
		7435B043C4834503B4FC7DBB /* 6ff35b8857ed1d3bf6a3cc93164ff962.woff */ = {isa = PBXFileReference; name = "6ff35b8857ed1d3bf6a3cc93164ff962.woff"; path = "../src/assets/fonts/OnlineWebFonts_COM_28c1aeefb10a045f8339bf7b79b5afe3/Touche W03 Regular/OnlineWebFonts_COM_3e0f49ec544b5c053b6199990504f893/Touche W03 Bold/@font-face/6ff35b8857ed1d3bf6a3cc93164ff962.woff"; sourceTree = "<group>"; fileEncoding = undefined; lastKnownFileType = unknown; explicitFileType = undefined; includeInIndex = 0; };
		49B46ED7123940D08A286A56 /* 6ff35b8857ed1d3bf6a3cc93164ff962.woff2 */ = {isa = PBXFileReference; name = "6ff35b8857ed1d3bf6a3cc93164ff962.woff2"; path = "../src/assets/fonts/OnlineWebFonts_COM_28c1aeefb10a045f8339bf7b79b5afe3/Touche W03 Regular/OnlineWebFonts_COM_3e0f49ec544b5c053b6199990504f893/Touche W03 Bold/@font-face/6ff35b8857ed1d3bf6a3cc93164ff962.woff2"; sourceTree = "<group>"; fileEncoding = undefined; lastKnownFileType = unknown; explicitFileType = undefined; includeInIndex = 0; };
		34F537898E374C8DA57C4747 /* Touche W03 Bold.ttf */ = {isa = PBXFileReference; name = "Touche W03 Bold.ttf"; path = "../src/assets/fonts/OnlineWebFonts_COM_28c1aeefb10a045f8339bf7b79b5afe3/Touche W03 Regular/OnlineWebFonts_COM_3e0f49ec544b5c053b6199990504f893/Touche W03 Bold/Touche W03 Bold.ttf"; sourceTree = "<group>"; fileEncoding = undefined; lastKnownFileType = unknown; explicitFileType = undefined; includeInIndex = 0; };
		08D7B902717E4BF39D94156A /* e47842169b17674250d3f8ed52cf53f8.ttf */ = {isa = PBXFileReference; name = "e47842169b17674250d3f8ed52cf53f8.ttf"; path = "../src/assets/fonts/OnlineWebFonts_COM_28c1aeefb10a045f8339bf7b79b5afe3/Touche W03 Regular/OnlineWebFonts_COM_8874c4da9ec86e84a1658cd1719df95b/Touche W03 Semibold/@font-face/e47842169b17674250d3f8ed52cf53f8.ttf"; sourceTree = "<group>"; fileEncoding = undefined; lastKnownFileType = unknown; explicitFileType = undefined; includeInIndex = 0; };
		BD54DEC563D04DA0ACE01229 /* e47842169b17674250d3f8ed52cf53f8.woff */ = {isa = PBXFileReference; name = "e47842169b17674250d3f8ed52cf53f8.woff"; path = "../src/assets/fonts/OnlineWebFonts_COM_28c1aeefb10a045f8339bf7b79b5afe3/Touche W03 Regular/OnlineWebFonts_COM_8874c4da9ec86e84a1658cd1719df95b/Touche W03 Semibold/@font-face/e47842169b17674250d3f8ed52cf53f8.woff"; sourceTree = "<group>"; fileEncoding = undefined; lastKnownFileType = unknown; explicitFileType = undefined; includeInIndex = 0; };
		DC6FFD2D8D704DD3930441BC /* e47842169b17674250d3f8ed52cf53f8.woff2 */ = {isa = PBXFileReference; name = "e47842169b17674250d3f8ed52cf53f8.woff2"; path = "../src/assets/fonts/OnlineWebFonts_COM_28c1aeefb10a045f8339bf7b79b5afe3/Touche W03 Regular/OnlineWebFonts_COM_8874c4da9ec86e84a1658cd1719df95b/Touche W03 Semibold/@font-face/e47842169b17674250d3f8ed52cf53f8.woff2"; sourceTree = "<group>"; fileEncoding = undefined; lastKnownFileType = unknown; explicitFileType = undefined; includeInIndex = 0; };
		7206073532934CD9A5AC1FB2 /* Touche W03 Semibold.ttf */ = {isa = PBXFileReference; name = "Touche W03 Semibold.ttf"; path = "../src/assets/fonts/OnlineWebFonts_COM_28c1aeefb10a045f8339bf7b79b5afe3/Touche W03 Regular/OnlineWebFonts_COM_8874c4da9ec86e84a1658cd1719df95b/Touche W03 Semibold/Touche W03 Semibold.ttf"; sourceTree = "<group>"; fileEncoding = undefined; lastKnownFileType = unknown; explicitFileType = undefined; includeInIndex = 0; };
		998A47301A3344A4B433023D /* SignPainter-Bold.ttf */ = {isa = PBXFileReference; name = "SignPainter-Bold.ttf"; path = "../src/assets/fonts/SignPainter-Bold.ttf"; sourceTree = "<group>"; fileEncoding = undefined; lastKnownFileType = unknown; explicitFileType = undefined; includeInIndex = 0; };
		A347970D617844879156F6FA /* Touche-Bold.ttf */ = {isa = PBXFileReference; name = "Touche-Bold.ttf"; path = "../src/assets/fonts/Touche-Bold.ttf"; sourceTree = "<group>"; fileEncoding = undefined; lastKnownFileType = unknown; explicitFileType = undefined; includeInIndex = 0; };
		B0EEEAFA9D334B39B0E7D52E /* Touche-Regular.ttf */ = {isa = PBXFileReference; name = "Touche-Regular.ttf"; path = "../src/assets/fonts/Touche-Regular.ttf"; sourceTree = "<group>"; fileEncoding = undefined; lastKnownFileType = unknown; explicitFileType = undefined; includeInIndex = 0; };
		18804FB426BB4B508FF5FC14 /* Touche-Semibold.ttf */ = {isa = PBXFileReference; name = "Touche-Semibold.ttf"; path = "../src/assets/fonts/Touche-Semibold.ttf"; sourceTree = "<group>"; fileEncoding = undefined; lastKnownFileType = unknown; explicitFileType = undefined; includeInIndex = 0; };
		2286BCE79B234A489E201342 /* Baskerville-Old-Face.ttf */ = {isa = PBXFileReference; name = "Baskerville-Old-Face.ttf"; path = "../src/assets/fonts/Baskerville-Old-Face.ttf"; sourceTree = "<group>"; fileEncoding = undefined; lastKnownFileType = unknown; explicitFileType = undefined; includeInIndex = 0; };
/* End PBXFileReference section */

/* Begin PBXFrameworksBuildPhase section */
		00E356EB1AD99517003FC87E /* Frameworks */ = {
			isa = PBXFrameworksBuildPhase;
			buildActionMask = 2147483647;
			files = (
				7699B88040F8A987B510C191 /* libPods-lovibear-lovibearTests.a in Frameworks */,
			);
			runOnlyForDeploymentPostprocessing = 0;
		};
		13B07F8C1A680F5B00A75B9A /* Frameworks */ = {
			isa = PBXFrameworksBuildPhase;
			buildActionMask = 2147483647;
			files = (
				0C80B921A6F3F58F76C31292 /* libPods-lovibear.a in Frameworks */,
			);
			runOnlyForDeploymentPostprocessing = 0;
		};
/* End PBXFrameworksBuildPhase section */

/* Begin PBXGroup section */
		00E356EF1AD99517003FC87E /* lovibearTests */ = {
			isa = PBXGroup;
			children = (
				00E356F21AD99517003FC87E /* lovibearTests.m */,
				00E356F01AD99517003FC87E /* Supporting Files */,
			);
			path = lovibearTests;
			sourceTree = "<group>";
		};
		00E356F01AD99517003FC87E /* Supporting Files */ = {
			isa = PBXGroup;
			children = (
				00E356F11AD99517003FC87E /* Info.plist */,
			);
			name = "Supporting Files";
			sourceTree = "<group>";
		};
		13B07FAE1A68108700A75B9A /* lovibear */ = {
			isa = PBXGroup;
			children = (
				13B07FAF1A68108700A75B9A /* AppDelegate.h */,
				13B07FB01A68108700A75B9A /* AppDelegate.mm */,
				13B07FB51A68108700A75B9A /* Images.xcassets */,
				13B07FB61A68108700A75B9A /* Info.plist */,
				81AB9BB72411601600AC10FF /* LaunchScreen.storyboard */,
				13B07FB71A68108700A75B9A /* main.m */,
			);
			name = lovibear;
			sourceTree = "<group>";
		};
		2D16E6871FA4F8E400B85C8A /* Frameworks */ = {
			isa = PBXGroup;
			children = (
				ED297162215061F000B7C4FE /* JavaScriptCore.framework */,
				5DCACB8F33CDC322A6C60F78 /* libPods-lovibear.a */,
				19F6CBCC0A4E27FBF8BF4A61 /* libPods-lovibear-lovibearTests.a */,
			);
			name = Frameworks;
			sourceTree = "<group>";
		};
		832341AE1AAA6A7D00B99B32 /* Libraries */ = {
			isa = PBXGroup;
			children = (
			);
			name = Libraries;
			sourceTree = "<group>";
		};
		83CBB9F61A601CBA00E9B192 = {
			isa = PBXGroup;
			children = (
				13B07FAE1A68108700A75B9A /* lovibear */,
				832341AE1AAA6A7D00B99B32 /* Libraries */,
				00E356EF1AD99517003FC87E /* lovibearTests */,
				83CBBA001A601CBA00E9B192 /* Products */,
				2D16E6871FA4F8E400B85C8A /* Frameworks */,
				BBD78D7AC51CEA395F1C20DB /* Pods */,
				F3C5B002814A4AC3B21B5C24 /* Resources */,
			);
			indentWidth = 2;
			sourceTree = "<group>";
			tabWidth = 2;
			usesTabs = 0;
		};
		83CBBA001A601CBA00E9B192 /* Products */ = {
			isa = PBXGroup;
			children = (
				13B07F961A680F5B00A75B9A /* lovibear.app */,
				00E356EE1AD99517003FC87E /* lovibearTests.xctest */,
			);
			name = Products;
			sourceTree = "<group>";
		};
		BBD78D7AC51CEA395F1C20DB /* Pods */ = {
			isa = PBXGroup;
			children = (
				3B4392A12AC88292D35C810B /* Pods-lovibear.debug.xcconfig */,
				5709B34CF0A7D63546082F79 /* Pods-lovibear.release.xcconfig */,
				5B7EB9410499542E8C5724F5 /* Pods-lovibear-lovibearTests.debug.xcconfig */,
				89C6BE57DB24E9ADA2F236DE /* Pods-lovibear-lovibearTests.release.xcconfig */,
			);
			path = Pods;
			sourceTree = "<group>";
		};
		F3C5B002814A4AC3B21B5C24 /* Resources */ = {
			isa = "PBXGroup";
			children = (
				0BBBBAE3D1584057856C936F /* Calibri-Bold.ttf */,
				F1D2019D11954DFDBDE9DF16 /* Calibri-Italic.ttf */,
				E0BB43A840E445BEA86EFA45 /* Calibri.ttf */,
				E7E5AE3A8F0B4956ADD7181B /* KaushanScript-Regular.ttf */,
				FCAB77AB8BCF4F85A5CF4B1B /* Montserrat-Black.ttf */,
				8E528A6C3FFB495F9993365D /* Montserrat-BlackItalic.ttf */,
				3E0320DFA00144548B040B4E /* Montserrat-Bold.ttf */,
				37AC1E37574C4939BE66A0F1 /* Montserrat-BoldItalic.ttf */,
				5FDDB8A9B4A14506B850E878 /* Montserrat-ExtraBold.ttf */,
				D3E667ED75044C8F89E911A6 /* Montserrat-ExtraBoldItalic.ttf */,
				BB8EB2D6369245E0A6C3F454 /* Montserrat-ExtraLight.ttf */,
				15265F9FC3E94E49865FCC47 /* Montserrat-ExtraLightItalic.ttf */,
				9C30966AACEB4CC3863FCA34 /* Montserrat-Italic.ttf */,
				63AD5FB6A7DE43C8995739C0 /* Montserrat-Light.ttf */,
				981C027C70944460BED8CC26 /* Montserrat-LightItalic.ttf */,
				6AF95D231294490C94A3F37E /* Montserrat-Medium.ttf */,
				CB04AA00A45B45978E5B8534 /* Montserrat-MediumItalic.ttf */,
				427625A7F3914A5A90EC0C24 /* Montserrat-Regular.ttf */,
				363670CCC3C247B097ABECE7 /* Montserrat-SemiBold.ttf */,
				777160693AEE47A18B16B0F8 /* Montserrat-SemiBoldItalic.ttf */,
				590BBA1C5F044FB898059622 /* Montserrat-Thin.ttf */,
				423EEC59D711453B85C6A0EC /* Montserrat-ThinItalic.ttf */,
				952401A2F9A64DF89DFF4892 /* Nunito-Black.ttf */,
				EF309ADE7FF0449485BAA512 /* Nunito-BlackItalic.ttf */,
				6F6C2D90FF9F47B4B09F398C /* Nunito-Bold.ttf */,
				2530A0F58A4C4D3789B6AE78 /* Nunito-BoldItalic.ttf */,
				496420865CAC49EC90E0D408 /* Nunito-ExtraBold.ttf */,
				C2A83E6659C94C3A942D80F7 /* Nunito-ExtraBoldItalic.ttf */,
				A485157E244C477FB5A611CE /* Nunito-ExtraLight.ttf */,
				33357797482241B28B837295 /* Nunito-ExtraLightItalic.ttf */,
				A789F39436FA45BBB42FA5E4 /* Nunito-Italic.ttf */,
				637D540CC58E477E9B284B10 /* Nunito-Light.ttf */,
				D0F52B8BA5BB42E498EB5EE6 /* Nunito-LightItalic.ttf */,
				BF121477270E4C01AB016EBD /* Nunito-Medium.ttf */,
				832725076A5546D0B056C712 /* Nunito-MediumItalic.ttf */,
				3A232AEC8C47464692E1C4E4 /* Nunito-Regular.ttf */,
				9DD2801C1FF84ED9977D569C /* Nunito-SemiBold.ttf */,
				02411FDE58B04695B4A9BCF2 /* Nunito-SemiBoldItalic.ttf */,
				37CBECD154074534A6F488E5 /* OpenSans-Bold.ttf */,
				D0CA97EFE45F4CC6962E645F /* OpenSans-BoldItalic.ttf */,
				2D1B8CD328FA48B9B61D1F47 /* OpenSans-ExtraBold.ttf */,
				446A81AC904149A88EF43F93 /* OpenSans-ExtraBoldItalic.ttf */,
				DC7527771F794AA8A18FA8C4 /* OpenSans-Italic.ttf */,
				8103FA81351049DCA43F4519 /* OpenSans-Light.ttf */,
				CD891C057C404FE2B70EB786 /* OpenSans-LightItalic.ttf */,
				67E8128CD4234D4BBE602525 /* OpenSans-Regular.ttf */,
				F5C60D7805F74EE19CE9B92D /* OpenSans-Semibold.ttf */,
				3BD1E73FF5754A94B0EF8A7C /* OpenSans-SemiboldItalic.ttf */,
				0AE9FABB38D84AA9AE923CA5 /* Proxima-Bold.otf */,
				FC9B3591BFF7465FA0CBDFDC /* Proxima-Regular.otf */,
				FB9236F7AE034F4FAA8FCB57 /* Proxima-SemiBold.otf */,
				2795D336E76C4672A77B1478 /* SF-Bold.ttf */,
				AD3C1D766A864747933F942E /* SF-Regular.ttf */,
				6E90B0DC177A481A8BE9E6C9 /* SF-SemiBold.ttf */,
				680ACA6FF1434F8F874BB1FC /* SignPainter-Regular.ttf */,
				270943C57ACB451BBCC74F89 /* SignPainter-SemiBold.ttf */,
				ABECAAB1921B4634BBAD75D1 /* 89d8fba73b6d10c300478fad02d4871d.svg */,
				815B14E124EB4309A6C2B685 /* 6ff35b8857ed1d3bf6a3cc93164ff962.svg */,
				BB0F24C81A4E4C8EB1E2FC3E /* e47842169b17674250d3f8ed52cf53f8.svg */,
				DBD8FDFB5F234037BAE95F72 /* 89d8fba73b6d10c300478fad02d4871d.ttf */,
				B1AF45012C014411AED3C47F /* 89d8fba73b6d10c300478fad02d4871d.woff */,
				79B4FFF893E34F2B9116FCB1 /* 89d8fba73b6d10c300478fad02d4871d.woff2 */,
				2745970E8D67459A904D34D0 /* 6ff35b8857ed1d3bf6a3cc93164ff962.ttf */,
				7435B043C4834503B4FC7DBB /* 6ff35b8857ed1d3bf6a3cc93164ff962.woff */,
				49B46ED7123940D08A286A56 /* 6ff35b8857ed1d3bf6a3cc93164ff962.woff2 */,
				34F537898E374C8DA57C4747 /* Touche W03 Bold.ttf */,
				08D7B902717E4BF39D94156A /* e47842169b17674250d3f8ed52cf53f8.ttf */,
				BD54DEC563D04DA0ACE01229 /* e47842169b17674250d3f8ed52cf53f8.woff */,
				DC6FFD2D8D704DD3930441BC /* e47842169b17674250d3f8ed52cf53f8.woff2 */,
				7206073532934CD9A5AC1FB2 /* Touche W03 Semibold.ttf */,
				998A47301A3344A4B433023D /* SignPainter-Bold.ttf */,
				A347970D617844879156F6FA /* Touche-Bold.ttf */,
				B0EEEAFA9D334B39B0E7D52E /* Touche-Regular.ttf */,
				18804FB426BB4B508FF5FC14 /* Touche-Semibold.ttf */,
				2286BCE79B234A489E201342 /* Baskerville-Old-Face.ttf */,
			);
			name = Resources;
			sourceTree = "<group>";
			path = "";
		};
/* End PBXGroup section */

/* Begin PBXNativeTarget section */
		00E356ED1AD99517003FC87E /* lovibearTests */ = {
			isa = PBXNativeTarget;
			buildConfigurationList = 00E357021AD99517003FC87E /* Build configuration list for PBXNativeTarget "lovibearTests" */;
			buildPhases = (
				A55EABD7B0C7F3A422A6CC61 /* [CP] Check Pods Manifest.lock */,
				00E356EA1AD99517003FC87E /* Sources */,
				00E356EB1AD99517003FC87E /* Frameworks */,
				00E356EC1AD99517003FC87E /* Resources */,
				C59DA0FBD6956966B86A3779 /* [CP] Embed Pods Frameworks */,
				F6A41C54EA430FDDC6A6ED99 /* [CP] Copy Pods Resources */,
			);
			buildRules = (
			);
			dependencies = (
				00E356F51AD99517003FC87E /* PBXTargetDependency */,
			);
			name = lovibearTests;
			productName = lovibearTests;
			productReference = 00E356EE1AD99517003FC87E /* lovibearTests.xctest */;
			productType = "com.apple.product-type.bundle.unit-test";
		};
		13B07F861A680F5B00A75B9A /* lovibear */ = {
			isa = PBXNativeTarget;
			buildConfigurationList = 13B07F931A680F5B00A75B9A /* Build configuration list for PBXNativeTarget "lovibear" */;
			buildPhases = (
				C38B50BA6285516D6DCD4F65 /* [CP] Check Pods Manifest.lock */,
				FD10A7F022414F080027D42C /* Start Packager */,
				13B07F871A680F5B00A75B9A /* Sources */,
				13B07F8C1A680F5B00A75B9A /* Frameworks */,
				13B07F8E1A680F5B00A75B9A /* Resources */,
				00DD1BFF1BD5951E006B06BC /* Bundle React Native code and images */,
				00EEFC60759A1932668264C0 /* [CP] Embed Pods Frameworks */,
				E235C05ADACE081382539298 /* [CP] Copy Pods Resources */,
			);
			buildRules = (
			);
			dependencies = (
			);
			name = lovibear;
			productName = lovibear;
			productReference = 13B07F961A680F5B00A75B9A /* lovibear.app */;
			productType = "com.apple.product-type.application";
		};
/* End PBXNativeTarget section */

/* Begin PBXProject section */
		83CBB9F71A601CBA00E9B192 /* Project object */ = {
			isa = PBXProject;
			attributes = {
				LastUpgradeCheck = 1210;
				TargetAttributes = {
					00E356ED1AD99517003FC87E = {
						CreatedOnToolsVersion = 6.2;
						TestTargetID = 13B07F861A680F5B00A75B9A;
					};
					13B07F861A680F5B00A75B9A = {
						LastSwiftMigration = 1120;
					};
				};
			};
			buildConfigurationList = 83CBB9FA1A601CBA00E9B192 /* Build configuration list for PBXProject "lovibear" */;
			compatibilityVersion = "Xcode 12.0";
			developmentRegion = en;
			hasScannedForEncodings = 0;
			knownRegions = (
				en,
				Base,
			);
			mainGroup = 83CBB9F61A601CBA00E9B192;
			productRefGroup = 83CBBA001A601CBA00E9B192 /* Products */;
			projectDirPath = "";
			projectRoot = "";
			targets = (
				13B07F861A680F5B00A75B9A /* lovibear */,
				00E356ED1AD99517003FC87E /* lovibearTests */,
			);
		};
/* End PBXProject section */

/* Begin PBXResourcesBuildPhase section */
		00E356EC1AD99517003FC87E /* Resources */ = {
			isa = PBXResourcesBuildPhase;
			buildActionMask = 2147483647;
			files = (
			);
			runOnlyForDeploymentPostprocessing = 0;
		};
		13B07F8E1A680F5B00A75B9A /* Resources */ = {
			isa = PBXResourcesBuildPhase;
			buildActionMask = 2147483647;
			files = (
				81AB9BB82411601600AC10FF /* LaunchScreen.storyboard in Resources */,
				13B07FBF1A68108700A75B9A /* Images.xcassets in Resources */,
				02748C4848D6407C850BE179 /* Calibri-Bold.ttf in Resources */,
				86C6A60D66BF4F8FA1446165 /* Calibri-Italic.ttf in Resources */,
				473E1FA08C8246608D85291A /* Calibri.ttf in Resources */,
				7585B14913784D41B6B5B861 /* KaushanScript-Regular.ttf in Resources */,
				20CAC1170A2A4AE9BC7490A8 /* Montserrat-Black.ttf in Resources */,
				37B19376685146A4BE88BBE6 /* Montserrat-BlackItalic.ttf in Resources */,
				1D6FC2308A77443F82742347 /* Montserrat-Bold.ttf in Resources */,
				1FB1E1BF45014145B7363434 /* Montserrat-BoldItalic.ttf in Resources */,
				B8113FD0BDCC43E295838B85 /* Montserrat-ExtraBold.ttf in Resources */,
				F90F352B231F4CDDBEA06B6E /* Montserrat-ExtraBoldItalic.ttf in Resources */,
				D031888AFEFC47F2AB5A8105 /* Montserrat-ExtraLight.ttf in Resources */,
				4565E4893B6F434F908B39F3 /* Montserrat-ExtraLightItalic.ttf in Resources */,
				0CC7DB376C4A4C798A242EC3 /* Montserrat-Italic.ttf in Resources */,
				7BC9E87EF58747AEA6AE249C /* Montserrat-Light.ttf in Resources */,
				18B6A9FC40784A94B8EF7CE2 /* Montserrat-LightItalic.ttf in Resources */,
				F37C01624D844ABF96BE3B01 /* Montserrat-Medium.ttf in Resources */,
				5B600153DCAA49C0BFA92D39 /* Montserrat-MediumItalic.ttf in Resources */,
				7DEBAD4A85ED47178C95D781 /* Montserrat-Regular.ttf in Resources */,
				9705F6C678174C8DBF975898 /* Montserrat-SemiBold.ttf in Resources */,
				181E675442AD46BEB66CB008 /* Montserrat-SemiBoldItalic.ttf in Resources */,
				F78A5A8BFD844928915E92AB /* Montserrat-Thin.ttf in Resources */,
				AE085B08433643A79A8BFA60 /* Montserrat-ThinItalic.ttf in Resources */,
				0300BA3799C940539DF1644B /* Nunito-Black.ttf in Resources */,
				4BB90B333E814E569A2B91DD /* Nunito-BlackItalic.ttf in Resources */,
				4FFC9E24B9134AF88300EF64 /* Nunito-Bold.ttf in Resources */,
				96680338B02846DBB83E1C41 /* Nunito-BoldItalic.ttf in Resources */,
				465507C8F82F4500BA64445E /* Nunito-ExtraBold.ttf in Resources */,
				F7080258838F4B6C9FB71087 /* Nunito-ExtraBoldItalic.ttf in Resources */,
				0C07E4B04C7A4A3B8D771F36 /* Nunito-ExtraLight.ttf in Resources */,
				54A0F0E6D025494D9C298F44 /* Nunito-ExtraLightItalic.ttf in Resources */,
				5077ACE1FC9E4DBBBAA97A4C /* Nunito-Italic.ttf in Resources */,
				741D75BE8C5E4CA2B96CE042 /* Nunito-Light.ttf in Resources */,
				9A093088153643E8947EAC3E /* Nunito-LightItalic.ttf in Resources */,
				4A7D3CCF41AB421C953EB51F /* Nunito-Medium.ttf in Resources */,
				EE5C5C7593994410ACAF6BBD /* Nunito-MediumItalic.ttf in Resources */,
				23C61940D236479E8F6557DB /* Nunito-Regular.ttf in Resources */,
				D9C9807CBFE1426984B83E30 /* Nunito-SemiBold.ttf in Resources */,
				A5EDB554056D4D80A03EF823 /* Nunito-SemiBoldItalic.ttf in Resources */,
				13598BDBD5BE4167AE324940 /* OpenSans-Bold.ttf in Resources */,
				B2E0DCCFBAC04A66B5E130B7 /* OpenSans-BoldItalic.ttf in Resources */,
				3EC44714CAD64E2EBD48A32B /* OpenSans-ExtraBold.ttf in Resources */,
				B76BF1E5A42A47C8833DC695 /* OpenSans-ExtraBoldItalic.ttf in Resources */,
				7E7460FFA0854BA4BBB238ED /* OpenSans-Italic.ttf in Resources */,
				D24CF170E84A46339F962348 /* OpenSans-Light.ttf in Resources */,
				D834D125323C439AB06155AB /* OpenSans-LightItalic.ttf in Resources */,
				DA36C2E5307C4505814111C8 /* OpenSans-Regular.ttf in Resources */,
				33937D0E5C02466BB6DE3DA5 /* OpenSans-Semibold.ttf in Resources */,
				5753F83E63204FEFAF1321A3 /* OpenSans-SemiboldItalic.ttf in Resources */,
				3495E3070234482BACFE8C85 /* Proxima-Bold.otf in Resources */,
				4C35530E1EF54A9E911CE0A9 /* Proxima-Regular.otf in Resources */,
				3B95AB681EAE4B8CAF6F1299 /* Proxima-SemiBold.otf in Resources */,
				4E9DECCE9589428C8595135A /* SF-Bold.ttf in Resources */,
				1D3732B86E6C4A969D91E7B4 /* SF-Regular.ttf in Resources */,
				5558D9B447AE49DAA3A9E7D7 /* SF-SemiBold.ttf in Resources */,
				CFED5F5DC452404285200A00 /* SignPainter-Regular.ttf in Resources */,
				4914702CF0A9450D8DCD4966 /* SignPainter-SemiBold.ttf in Resources */,
				5C798EE81AF64FAB9B8CEF42 /* 89d8fba73b6d10c300478fad02d4871d.svg in Resources */,
				82F96DE8A08B41DB81BC070B /* 6ff35b8857ed1d3bf6a3cc93164ff962.svg in Resources */,
				D21CB9822BB344EE851059A2 /* e47842169b17674250d3f8ed52cf53f8.svg in Resources */,
				6B57991A3AC34C07B028D615 /* 89d8fba73b6d10c300478fad02d4871d.ttf in Resources */,
				D3AA7EA4AA064EA0B6070650 /* 89d8fba73b6d10c300478fad02d4871d.woff in Resources */,
				CC2ED4EE40C246DCA4956183 /* 89d8fba73b6d10c300478fad02d4871d.woff2 in Resources */,
				D1D5CFA130A141218A3575C7 /* 6ff35b8857ed1d3bf6a3cc93164ff962.ttf in Resources */,
				B9D94E245DC14EBC86BAE835 /* 6ff35b8857ed1d3bf6a3cc93164ff962.woff in Resources */,
				E4D300AE71CC47958AFACD04 /* 6ff35b8857ed1d3bf6a3cc93164ff962.woff2 in Resources */,
				2B6FBA45E2C84D5DAC0A96A3 /* Touche W03 Bold.ttf in Resources */,
				4BF642881ECD4E97BF61E3EC /* e47842169b17674250d3f8ed52cf53f8.ttf in Resources */,
				6C4D771A8A7C43B48CAF7CF8 /* e47842169b17674250d3f8ed52cf53f8.woff in Resources */,
				35D978F3DC6A4BF6B0670850 /* e47842169b17674250d3f8ed52cf53f8.woff2 in Resources */,
				AB1D21A646C84CE89B805FA4 /* Touche W03 Semibold.ttf in Resources */,
				6AE9E18055D048568E224DC2 /* SignPainter-Bold.ttf in Resources */,
				7C98A064BB06454BB520BC75 /* Touche-Bold.ttf in Resources */,
				835DD8A6C3FB4CF2B4A5EB6A /* Touche-Regular.ttf in Resources */,
				E0490032543744DDB69A77D1 /* Touche-Semibold.ttf in Resources */,
				98BD2EBCBB7D4D2EB6864D9F /* Baskerville-Old-Face.ttf in Resources */,
			);
			runOnlyForDeploymentPostprocessing = 0;
		};
/* End PBXResourcesBuildPhase section */

/* Begin PBXShellScriptBuildPhase section */
		00DD1BFF1BD5951E006B06BC /* Bundle React Native code and images */ = {
			isa = PBXShellScriptBuildPhase;
			buildActionMask = 2147483647;
			files = (
			);
			inputPaths = (
			);
			name = "Bundle React Native code and images";
			outputPaths = (
			);
			runOnlyForDeploymentPostprocessing = 0;
			shellPath = /bin/sh;
			shellScript = "set -e\n\nexport NODE_BINARY=node\n../node_modules/react-native/scripts/react-native-xcode.sh\n";
		};
		00EEFC60759A1932668264C0 /* [CP] Embed Pods Frameworks */ = {
			isa = PBXShellScriptBuildPhase;
			buildActionMask = 2147483647;
			files = (
			);
			inputFileListPaths = (
				"${PODS_ROOT}/Target Support Files/Pods-lovibear/Pods-lovibear-frameworks-${CONFIGURATION}-input-files.xcfilelist",
			);
			name = "[CP] Embed Pods Frameworks";
			outputFileListPaths = (
				"${PODS_ROOT}/Target Support Files/Pods-lovibear/Pods-lovibear-frameworks-${CONFIGURATION}-output-files.xcfilelist",
			);
			runOnlyForDeploymentPostprocessing = 0;
			shellPath = /bin/sh;
			shellScript = "\"${PODS_ROOT}/Target Support Files/Pods-lovibear/Pods-lovibear-frameworks.sh\"\n";
			showEnvVarsInLog = 0;
		};
		A55EABD7B0C7F3A422A6CC61 /* [CP] Check Pods Manifest.lock */ = {
			isa = PBXShellScriptBuildPhase;
			buildActionMask = 2147483647;
			files = (
			);
			inputFileListPaths = (
			);
			inputPaths = (
				"${PODS_PODFILE_DIR_PATH}/Podfile.lock",
				"${PODS_ROOT}/Manifest.lock",
			);
			name = "[CP] Check Pods Manifest.lock";
			outputFileListPaths = (
			);
			outputPaths = (
				"$(DERIVED_FILE_DIR)/Pods-lovibear-lovibearTests-checkManifestLockResult.txt",
			);
			runOnlyForDeploymentPostprocessing = 0;
			shellPath = /bin/sh;
			shellScript = "diff \"${PODS_PODFILE_DIR_PATH}/Podfile.lock\" \"${PODS_ROOT}/Manifest.lock\" > /dev/null\nif [ $? != 0 ] ; then\n    # print error to STDERR\n    echo \"error: The sandbox is not in sync with the Podfile.lock. Run 'pod install' or update your CocoaPods installation.\" >&2\n    exit 1\nfi\n# This output is used by Xcode 'outputs' to avoid re-running this script phase.\necho \"SUCCESS\" > \"${SCRIPT_OUTPUT_FILE_0}\"\n";
			showEnvVarsInLog = 0;
		};
		C38B50BA6285516D6DCD4F65 /* [CP] Check Pods Manifest.lock */ = {
			isa = PBXShellScriptBuildPhase;
			buildActionMask = 2147483647;
			files = (
			);
			inputFileListPaths = (
			);
			inputPaths = (
				"${PODS_PODFILE_DIR_PATH}/Podfile.lock",
				"${PODS_ROOT}/Manifest.lock",
			);
			name = "[CP] Check Pods Manifest.lock";
			outputFileListPaths = (
			);
			outputPaths = (
				"$(DERIVED_FILE_DIR)/Pods-lovibear-checkManifestLockResult.txt",
			);
			runOnlyForDeploymentPostprocessing = 0;
			shellPath = /bin/sh;
			shellScript = "diff \"${PODS_PODFILE_DIR_PATH}/Podfile.lock\" \"${PODS_ROOT}/Manifest.lock\" > /dev/null\nif [ $? != 0 ] ; then\n    # print error to STDERR\n    echo \"error: The sandbox is not in sync with the Podfile.lock. Run 'pod install' or update your CocoaPods installation.\" >&2\n    exit 1\nfi\n# This output is used by Xcode 'outputs' to avoid re-running this script phase.\necho \"SUCCESS\" > \"${SCRIPT_OUTPUT_FILE_0}\"\n";
			showEnvVarsInLog = 0;
		};
		C59DA0FBD6956966B86A3779 /* [CP] Embed Pods Frameworks */ = {
			isa = PBXShellScriptBuildPhase;
			buildActionMask = 2147483647;
			files = (
			);
			inputFileListPaths = (
				"${PODS_ROOT}/Target Support Files/Pods-lovibear-lovibearTests/Pods-lovibear-lovibearTests-frameworks-${CONFIGURATION}-input-files.xcfilelist",
			);
			name = "[CP] Embed Pods Frameworks";
			outputFileListPaths = (
				"${PODS_ROOT}/Target Support Files/Pods-lovibear-lovibearTests/Pods-lovibear-lovibearTests-frameworks-${CONFIGURATION}-output-files.xcfilelist",
			);
			runOnlyForDeploymentPostprocessing = 0;
			shellPath = /bin/sh;
			shellScript = "\"${PODS_ROOT}/Target Support Files/Pods-lovibear-lovibearTests/Pods-lovibear-lovibearTests-frameworks.sh\"\n";
			showEnvVarsInLog = 0;
		};
		E235C05ADACE081382539298 /* [CP] Copy Pods Resources */ = {
			isa = PBXShellScriptBuildPhase;
			buildActionMask = 2147483647;
			files = (
			);
			inputFileListPaths = (
				"${PODS_ROOT}/Target Support Files/Pods-lovibear/Pods-lovibear-resources-${CONFIGURATION}-input-files.xcfilelist",
			);
			name = "[CP] Copy Pods Resources";
			outputFileListPaths = (
				"${PODS_ROOT}/Target Support Files/Pods-lovibear/Pods-lovibear-resources-${CONFIGURATION}-output-files.xcfilelist",
			);
			runOnlyForDeploymentPostprocessing = 0;
			shellPath = /bin/sh;
			shellScript = "\"${PODS_ROOT}/Target Support Files/Pods-lovibear/Pods-lovibear-resources.sh\"\n";
			showEnvVarsInLog = 0;
		};
		F6A41C54EA430FDDC6A6ED99 /* [CP] Copy Pods Resources */ = {
			isa = PBXShellScriptBuildPhase;
			buildActionMask = 2147483647;
			files = (
			);
			inputFileListPaths = (
				"${PODS_ROOT}/Target Support Files/Pods-lovibear-lovibearTests/Pods-lovibear-lovibearTests-resources-${CONFIGURATION}-input-files.xcfilelist",
			);
			name = "[CP] Copy Pods Resources";
			outputFileListPaths = (
				"${PODS_ROOT}/Target Support Files/Pods-lovibear-lovibearTests/Pods-lovibear-lovibearTests-resources-${CONFIGURATION}-output-files.xcfilelist",
			);
			runOnlyForDeploymentPostprocessing = 0;
			shellPath = /bin/sh;
			shellScript = "\"${PODS_ROOT}/Target Support Files/Pods-lovibear-lovibearTests/Pods-lovibear-lovibearTests-resources.sh\"\n";
			showEnvVarsInLog = 0;
		};
		FD10A7F022414F080027D42C /* Start Packager */ = {
			isa = PBXShellScriptBuildPhase;
			buildActionMask = 2147483647;
			files = (
			);
			inputFileListPaths = (
			);
			inputPaths = (
			);
			name = "Start Packager";
			outputFileListPaths = (
			);
			outputPaths = (
			);
			runOnlyForDeploymentPostprocessing = 0;
			shellPath = /bin/sh;
			shellScript = "export RCT_METRO_PORT=\"${RCT_METRO_PORT:=8081}\"\necho \"export RCT_METRO_PORT=${RCT_METRO_PORT}\" > \"${SRCROOT}/../node_modules/react-native/scripts/.packager.env\"\nif [ -z \"${RCT_NO_LAUNCH_PACKAGER+xxx}\" ] ; then\n  if nc -w 5 -z localhost ${RCT_METRO_PORT} ; then\n    if ! curl -s \"http://localhost:${RCT_METRO_PORT}/status\" | grep -q \"packager-status:running\" ; then\n      echo \"Port ${RCT_METRO_PORT} already in use, packager is either not running or not running correctly\"\n      exit 2\n    fi\n  else\n    open \"$SRCROOT/../node_modules/react-native/scripts/launchPackager.command\" || echo \"Can't start packager automatically\"\n  fi\nfi\n";
			showEnvVarsInLog = 0;
		};
/* End PBXShellScriptBuildPhase section */

/* Begin PBXSourcesBuildPhase section */
		00E356EA1AD99517003FC87E /* Sources */ = {
			isa = PBXSourcesBuildPhase;
			buildActionMask = 2147483647;
			files = (
				00E356F31AD99517003FC87E /* lovibearTests.m in Sources */,
			);
			runOnlyForDeploymentPostprocessing = 0;
		};
		13B07F871A680F5B00A75B9A /* Sources */ = {
			isa = PBXSourcesBuildPhase;
			buildActionMask = 2147483647;
			files = (
				13B07FBC1A68108700A75B9A /* AppDelegate.mm in Sources */,
				13B07FC11A68108700A75B9A /* main.m in Sources */,
			);
			runOnlyForDeploymentPostprocessing = 0;
		};
/* End PBXSourcesBuildPhase section */

/* Begin PBXTargetDependency section */
		00E356F51AD99517003FC87E /* PBXTargetDependency */ = {
			isa = PBXTargetDependency;
			target = 13B07F861A680F5B00A75B9A /* lovibear */;
			targetProxy = 00E356F41AD99517003FC87E /* PBXContainerItemProxy */;
		};
/* End PBXTargetDependency section */

/* Begin XCBuildConfiguration section */
		00E356F61AD99517003FC87E /* Debug */ = {
			isa = XCBuildConfiguration;
			baseConfigurationReference = 5B7EB9410499542E8C5724F5 /* Pods-lovibear-lovibearTests.debug.xcconfig */;
			buildSettings = {
				BUNDLE_LOADER = "$(TEST_HOST)";
				GCC_PREPROCESSOR_DEFINITIONS = (
					"DEBUG=1",
					"$(inherited)",
				);
				INFOPLIST_FILE = lovibearTests/Info.plist;
				IPHONEOS_DEPLOYMENT_TARGET = 11.0;
				LD_RUNPATH_SEARCH_PATHS = (
					"$(inherited)",
					"@executable_path/Frameworks",
					"@loader_path/Frameworks",
				);
				OTHER_LDFLAGS = (
					"-ObjC",
					"-lc++",
					"$(inherited)",
				);
				PRODUCT_BUNDLE_IDENTIFIER = "org.reactjs.native.example.$(PRODUCT_NAME:rfc1034identifier)";
				PRODUCT_NAME = "$(TARGET_NAME)";
				TEST_HOST = "$(BUILT_PRODUCTS_DIR)/lovibear.app/lovibear";
			};
			name = Debug;
		};
		00E356F71AD99517003FC87E /* Release */ = {
			isa = XCBuildConfiguration;
			baseConfigurationReference = 89C6BE57DB24E9ADA2F236DE /* Pods-lovibear-lovibearTests.release.xcconfig */;
			buildSettings = {
				BUNDLE_LOADER = "$(TEST_HOST)";
				COPY_PHASE_STRIP = NO;
				INFOPLIST_FILE = lovibearTests/Info.plist;
				IPHONEOS_DEPLOYMENT_TARGET = 11.0;
				LD_RUNPATH_SEARCH_PATHS = (
					"$(inherited)",
					"@executable_path/Frameworks",
					"@loader_path/Frameworks",
				);
				OTHER_LDFLAGS = (
					"-ObjC",
					"-lc++",
					"$(inherited)",
				);
				PRODUCT_BUNDLE_IDENTIFIER = "org.reactjs.native.example.$(PRODUCT_NAME:rfc1034identifier)";
				PRODUCT_NAME = "$(TARGET_NAME)";
				TEST_HOST = "$(BUILT_PRODUCTS_DIR)/lovibear.app/lovibear";
			};
			name = Release;
		};
		13B07F941A680F5B00A75B9A /* Debug */ = {
			isa = XCBuildConfiguration;
			baseConfigurationReference = 3B4392A12AC88292D35C810B /* Pods-lovibear.debug.xcconfig */;
			buildSettings = {
				ASSETCATALOG_COMPILER_APPICON_NAME = AppIcon;
				CLANG_ENABLE_MODULES = YES;
				CURRENT_PROJECT_VERSION = 1;
				ENABLE_BITCODE = NO;
				INFOPLIST_FILE = lovibear/Info.plist;
				LD_RUNPATH_SEARCH_PATHS = (
					"$(inherited)",
					"@executable_path/Frameworks",
				);
				OTHER_LDFLAGS = (
					"$(inherited)",
					"-ObjC",
					"-lc++",
				);
				PRODUCT_BUNDLE_IDENTIFIER = "org.reactjs.native.example.$(PRODUCT_NAME:rfc1034identifier)";
				PRODUCT_NAME = lovibear;
				SWIFT_OPTIMIZATION_LEVEL = "-Onone";
				SWIFT_VERSION = 5.0;
				VERSIONING_SYSTEM = "apple-generic";
			};
			name = Debug;
		};
		13B07F951A680F5B00A75B9A /* Release */ = {
			isa = XCBuildConfiguration;
			baseConfigurationReference = 5709B34CF0A7D63546082F79 /* Pods-lovibear.release.xcconfig */;
			buildSettings = {
				ASSETCATALOG_COMPILER_APPICON_NAME = AppIcon;
				CLANG_ENABLE_MODULES = YES;
				CURRENT_PROJECT_VERSION = 1;
				INFOPLIST_FILE = lovibear/Info.plist;
				LD_RUNPATH_SEARCH_PATHS = (
					"$(inherited)",
					"@executable_path/Frameworks",
				);
				OTHER_LDFLAGS = (
					"$(inherited)",
					"-ObjC",
					"-lc++",
				);
				PRODUCT_BUNDLE_IDENTIFIER = "org.reactjs.native.example.$(PRODUCT_NAME:rfc1034identifier)";
				PRODUCT_NAME = lovibear;
				SWIFT_VERSION = 5.0;
				VERSIONING_SYSTEM = "apple-generic";
			};
			name = Release;
		};
		83CBBA201A601CBA00E9B192 /* Debug */ = {
			isa = XCBuildConfiguration;
			buildSettings = {
				ALWAYS_SEARCH_USER_PATHS = NO;
				CLANG_ANALYZER_LOCALIZABILITY_NONLOCALIZED = YES;
				CLANG_CXX_LANGUAGE_STANDARD = "c++17";
				CLANG_CXX_LIBRARY = "libc++";
				CLANG_ENABLE_MODULES = YES;
				CLANG_ENABLE_OBJC_ARC = YES;
				CLANG_WARN_BLOCK_CAPTURE_AUTORELEASING = YES;
				CLANG_WARN_BOOL_CONVERSION = YES;
				CLANG_WARN_COMMA = YES;
				CLANG_WARN_CONSTANT_CONVERSION = YES;
				CLANG_WARN_DEPRECATED_OBJC_IMPLEMENTATIONS = YES;
				CLANG_WARN_DIRECT_OBJC_ISA_USAGE = YES_ERROR;
				CLANG_WARN_EMPTY_BODY = YES;
				CLANG_WARN_ENUM_CONVERSION = YES;
				CLANG_WARN_INFINITE_RECURSION = YES;
				CLANG_WARN_INT_CONVERSION = YES;
				CLANG_WARN_NON_LITERAL_NULL_CONVERSION = YES;
				CLANG_WARN_OBJC_IMPLICIT_RETAIN_SELF = YES;
				CLANG_WARN_OBJC_LITERAL_CONVERSION = YES;
				CLANG_WARN_OBJC_ROOT_CLASS = YES_ERROR;
				CLANG_WARN_QUOTED_INCLUDE_IN_FRAMEWORK_HEADER = YES;
				CLANG_WARN_RANGE_LOOP_ANALYSIS = YES;
				CLANG_WARN_STRICT_PROTOTYPES = YES;
				CLANG_WARN_SUSPICIOUS_MOVE = YES;
				CLANG_WARN_UNREACHABLE_CODE = YES;
				CLANG_WARN__DUPLICATE_METHOD_MATCH = YES;
				"CODE_SIGN_IDENTITY[sdk=iphoneos*]" = "iPhone Developer";
				COPY_PHASE_STRIP = NO;
				ENABLE_STRICT_OBJC_MSGSEND = YES;
				ENABLE_TESTABILITY = YES;
				"EXCLUDED_ARCHS[sdk=iphonesimulator*]" = "";
				GCC_C_LANGUAGE_STANDARD = gnu99;
				GCC_DYNAMIC_NO_PIC = NO;
				GCC_NO_COMMON_BLOCKS = YES;
				GCC_OPTIMIZATION_LEVEL = 0;
				GCC_PREPROCESSOR_DEFINITIONS = (
					"DEBUG=1",
					"$(inherited)",
				);
				GCC_SYMBOLS_PRIVATE_EXTERN = NO;
				GCC_WARN_64_TO_32_BIT_CONVERSION = YES;
				GCC_WARN_ABOUT_RETURN_TYPE = YES_ERROR;
				GCC_WARN_UNDECLARED_SELECTOR = YES;
				GCC_WARN_UNINITIALIZED_AUTOS = YES_AGGRESSIVE;
				GCC_WARN_UNUSED_FUNCTION = YES;
				GCC_WARN_UNUSED_VARIABLE = YES;
				IPHONEOS_DEPLOYMENT_TARGET = 11.0;
				LD_RUNPATH_SEARCH_PATHS = (
					/usr/lib/swift,
					"$(inherited)",
				);
				LIBRARY_SEARCH_PATHS = (
					"\"$(SDKROOT)/usr/lib/swift\"",
					"\"$(TOOLCHAIN_DIR)/usr/lib/swift/$(PLATFORM_NAME)\"",
					"\"$(inherited)\"",
				);
				MTL_ENABLE_DEBUG_INFO = YES;
				ONLY_ACTIVE_ARCH = YES;
				OTHER_CPLUSPLUSFLAGS = (
					"$(OTHER_CFLAGS)",
					"-DFOLLY_NO_CONFIG",
					"-DFOLLY_MOBILE=1",
					"-DFOLLY_USE_LIBCPP=1",
				);
				SDKROOT = iphoneos;
			};
			name = Debug;
		};
		83CBBA211A601CBA00E9B192 /* Release */ = {
			isa = XCBuildConfiguration;
			buildSettings = {
				ALWAYS_SEARCH_USER_PATHS = NO;
				CLANG_ANALYZER_LOCALIZABILITY_NONLOCALIZED = YES;
				CLANG_CXX_LANGUAGE_STANDARD = "c++17";
				CLANG_CXX_LIBRARY = "libc++";
				CLANG_ENABLE_MODULES = YES;
				CLANG_ENABLE_OBJC_ARC = YES;
				CLANG_WARN_BLOCK_CAPTURE_AUTORELEASING = YES;
				CLANG_WARN_BOOL_CONVERSION = YES;
				CLANG_WARN_COMMA = YES;
				CLANG_WARN_CONSTANT_CONVERSION = YES;
				CLANG_WARN_DEPRECATED_OBJC_IMPLEMENTATIONS = YES;
				CLANG_WARN_DIRECT_OBJC_ISA_USAGE = YES_ERROR;
				CLANG_WARN_EMPTY_BODY = YES;
				CLANG_WARN_ENUM_CONVERSION = YES;
				CLANG_WARN_INFINITE_RECURSION = YES;
				CLANG_WARN_INT_CONVERSION = YES;
				CLANG_WARN_NON_LITERAL_NULL_CONVERSION = YES;
				CLANG_WARN_OBJC_IMPLICIT_RETAIN_SELF = YES;
				CLANG_WARN_OBJC_LITERAL_CONVERSION = YES;
				CLANG_WARN_OBJC_ROOT_CLASS = YES_ERROR;
				CLANG_WARN_QUOTED_INCLUDE_IN_FRAMEWORK_HEADER = YES;
				CLANG_WARN_RANGE_LOOP_ANALYSIS = YES;
				CLANG_WARN_STRICT_PROTOTYPES = YES;
				CLANG_WARN_SUSPICIOUS_MOVE = YES;
				CLANG_WARN_UNREACHABLE_CODE = YES;
				CLANG_WARN__DUPLICATE_METHOD_MATCH = YES;
				"CODE_SIGN_IDENTITY[sdk=iphoneos*]" = "iPhone Developer";
				COPY_PHASE_STRIP = YES;
				ENABLE_NS_ASSERTIONS = NO;
				ENABLE_STRICT_OBJC_MSGSEND = YES;
				"EXCLUDED_ARCHS[sdk=iphonesimulator*]" = "";
				GCC_C_LANGUAGE_STANDARD = gnu99;
				GCC_NO_COMMON_BLOCKS = YES;
				GCC_WARN_64_TO_32_BIT_CONVERSION = YES;
				GCC_WARN_ABOUT_RETURN_TYPE = YES_ERROR;
				GCC_WARN_UNDECLARED_SELECTOR = YES;
				GCC_WARN_UNINITIALIZED_AUTOS = YES_AGGRESSIVE;
				GCC_WARN_UNUSED_FUNCTION = YES;
				GCC_WARN_UNUSED_VARIABLE = YES;
				IPHONEOS_DEPLOYMENT_TARGET = 11.0;
				LD_RUNPATH_SEARCH_PATHS = (
					/usr/lib/swift,
					"$(inherited)",
				);
				LIBRARY_SEARCH_PATHS = (
					"\"$(SDKROOT)/usr/lib/swift\"",
					"\"$(TOOLCHAIN_DIR)/usr/lib/swift/$(PLATFORM_NAME)\"",
					"\"$(inherited)\"",
				);
				MTL_ENABLE_DEBUG_INFO = NO;
				OTHER_CPLUSPLUSFLAGS = (
					"$(OTHER_CFLAGS)",
					"-DFOLLY_NO_CONFIG",
					"-DFOLLY_MOBILE=1",
					"-DFOLLY_USE_LIBCPP=1",
				);
				SDKROOT = iphoneos;
				VALIDATE_PRODUCT = YES;
			};
			name = Release;
		};
/* End XCBuildConfiguration section */

/* Begin XCConfigurationList section */
		00E357021AD99517003FC87E /* Build configuration list for PBXNativeTarget "lovibearTests" */ = {
			isa = XCConfigurationList;
			buildConfigurations = (
				00E356F61AD99517003FC87E /* Debug */,
				00E356F71AD99517003FC87E /* Release */,
			);
			defaultConfigurationIsVisible = 0;
			defaultConfigurationName = Release;
		};
		13B07F931A680F5B00A75B9A /* Build configuration list for PBXNativeTarget "lovibear" */ = {
			isa = XCConfigurationList;
			buildConfigurations = (
				13B07F941A680F5B00A75B9A /* Debug */,
				13B07F951A680F5B00A75B9A /* Release */,
			);
			defaultConfigurationIsVisible = 0;
			defaultConfigurationName = Release;
		};
		83CBB9FA1A601CBA00E9B192 /* Build configuration list for PBXProject "lovibear" */ = {
			isa = XCConfigurationList;
			buildConfigurations = (
				83CBBA201A601CBA00E9B192 /* Debug */,
				83CBBA211A601CBA00E9B192 /* Release */,
			);
			defaultConfigurationIsVisible = 0;
			defaultConfigurationName = Release;
		};
/* End XCConfigurationList section */
	};
	rootObject = 83CBB9F71A601CBA00E9B192 /* Project object */;
}
